<?xml version="1.0" encoding="utf-8"?>
<Project ToolsVersion="4.0" xmlns="http://schemas.microsoft.com/developer/msbuild/2003">
  <ItemGroup>
    <Filter Include="headers">
      <UniqueIdentifier>{08d6ba5f-e68c-480d-9720-41e488251b7f}</UniqueIdentifier>
    </Filter>
    <Filter Include="headers\tetengo2::meta">
      <UniqueIdentifier>{c7f1a761-d684-452e-9d9f-fa0fedff1c57}</UniqueIdentifier>
    </Filter>
    <Filter Include="headers\tetengo2::gui">
      <UniqueIdentifier>{962a8c8d-06e6-47d2-8a66-81b1b2816322}</UniqueIdentifier>
    </Filter>
    <Filter Include="headers\tetengo2">
      <UniqueIdentifier>{ec59ad07-4816-4698-8ec4-eccc2e299eec}</UniqueIdentifier>
    </Filter>
    <Filter Include="headers\tetengo2::encoding">
      <UniqueIdentifier>{8e2047ca-496a-4bcb-8e9c-a7144f52ceea}</UniqueIdentifier>
    </Filter>
    <Filter Include="headers\tetengo2::gui::unit">
      <UniqueIdentifier>{0468b3a4-d43c-4d49-841e-dc96e1bb257a}</UniqueIdentifier>
    </Filter>
    <Filter Include="headers\tetengo2::gui::traits">
      <UniqueIdentifier>{7fff864c-722e-40fe-95ec-6be896ae7240}</UniqueIdentifier>
    </Filter>
    <Filter Include="headers\tetengo2::gui::drawing">
      <UniqueIdentifier>{ec77ce78-8f8b-4143-b3d0-fdf250201d84}</UniqueIdentifier>
    </Filter>
    <Filter Include="headers\tetengo2::detail::windows">
      <UniqueIdentifier>{f68b9b9d-7191-43be-9e17-0561a586ad69}</UniqueIdentifier>
    </Filter>
    <Filter Include="headers\tetengo2::detail::stub">
      <UniqueIdentifier>{fd863b14-a8f2-4e0a-8268-1a7a8d85f292}</UniqueIdentifier>
    </Filter>
    <Filter Include="headers\tetengo2::detail::windows::gdiplus">
      <UniqueIdentifier>{bb8d439b-5590-41af-b3e6-4f1f4c47d349}</UniqueIdentifier>
    </Filter>
  </ItemGroup>
  <ItemGroup>
    <ClInclude Include="include\tetengo2.encoder.h">
      <Filter>headers\tetengo2</Filter>
    </ClInclude>
    <ClInclude Include="include\tetengo2.generator.h">
      <Filter>headers\tetengo2</Filter>
    </ClInclude>
    <ClInclude Include="include\tetengo2.message_catalog.h">
      <Filter>headers\tetengo2</Filter>
    </ClInclude>
    <ClInclude Include="include\tetengo2.message_catalog_parser.h">
      <Filter>headers\tetengo2</Filter>
    </ClInclude>
    <ClInclude Include="include\tetengo2.messages.h">
      <Filter>headers\tetengo2</Filter>
    </ClInclude>
    <ClInclude Include="include\tetengo2.text.h">
      <Filter>headers\tetengo2</Filter>
    </ClInclude>
    <ClInclude Include="include\tetengo2.encoding.ascii.h">
      <Filter>headers\tetengo2::encoding</Filter>
    </ClInclude>
    <ClInclude Include="include\tetengo2.encoding.encoding.h">
      <Filter>headers\tetengo2::encoding</Filter>
    </ClInclude>
    <ClInclude Include="include\tetengo2.encoding.locale.h">
      <Filter>headers\tetengo2::encoding</Filter>
    </ClInclude>
    <ClInclude Include="include\tetengo2.gui.recursive_menu_iterator.h">
      <Filter>headers\tetengo2::gui</Filter>
    </ClInclude>
    <ClInclude Include="include\tetengo2.gui.win32.abstract_popup_menu.h">
      <Filter>headers\tetengo2::gui</Filter>
    </ClInclude>
    <ClInclude Include="include\tetengo2.gui.win32.abstract_window.h">
      <Filter>headers\tetengo2::gui</Filter>
    </ClInclude>
    <ClInclude Include="include\tetengo2.gui.win32.alert.h">
      <Filter>headers\tetengo2::gui</Filter>
    </ClInclude>
    <ClInclude Include="include\tetengo2.gui.win32.button.h">
      <Filter>headers\tetengo2::gui</Filter>
    </ClInclude>
    <ClInclude Include="include\tetengo2.gui.win32.dialog.h">
      <Filter>headers\tetengo2::gui</Filter>
    </ClInclude>
    <ClInclude Include="include\tetengo2.gui.win32.dialog_message_loop.h">
      <Filter>headers\tetengo2::gui</Filter>
    </ClInclude>
    <ClInclude Include="include\tetengo2.gui.win32.gui_initializer_finalizer.h">
      <Filter>headers\tetengo2::gui</Filter>
    </ClInclude>
    <ClInclude Include="include\tetengo2.gui.win32.main_menu.h">
      <Filter>headers\tetengo2::gui</Filter>
    </ClInclude>
    <ClInclude Include="include\tetengo2.gui.win32.menu.h">
      <Filter>headers\tetengo2::gui</Filter>
    </ClInclude>
    <ClInclude Include="include\tetengo2.gui.win32.menu_command.h">
      <Filter>headers\tetengo2::gui</Filter>
    </ClInclude>
    <ClInclude Include="include\tetengo2.gui.win32.menu_separator.h">
      <Filter>headers\tetengo2::gui</Filter>
    </ClInclude>
    <ClInclude Include="include\tetengo2.gui.win32.message_loop.h">
      <Filter>headers\tetengo2::gui</Filter>
    </ClInclude>
    <ClInclude Include="include\tetengo2.gui.win32.popup_menu.h">
      <Filter>headers\tetengo2::gui</Filter>
    </ClInclude>
    <ClInclude Include="include\tetengo2.gui.win32.quit_message_loop.h">
      <Filter>headers\tetengo2::gui</Filter>
    </ClInclude>
    <ClInclude Include="include\tetengo2.gui.win32.widget.h">
      <Filter>headers\tetengo2::gui</Filter>
    </ClInclude>
    <ClInclude Include="include\tetengo2.gui.win32.window.h">
      <Filter>headers\tetengo2::gui</Filter>
    </ClInclude>
    <ClInclude Include="include\tetengo2.meta.assoc_list.h">
      <Filter>headers\tetengo2::meta</Filter>
    </ClInclude>
    <ClInclude Include="include\tetengo2.gui.window_observer_set.h">
      <Filter>headers\tetengo2::gui</Filter>
    </ClInclude>
    <ClInclude Include="include\tetengo2.gui.paint_observer_set.h">
      <Filter>headers\tetengo2::gui</Filter>
    </ClInclude>
    <ClInclude Include="include\tetengo2.gui.menu_observer_set.h">
      <Filter>headers\tetengo2::gui</Filter>
    </ClInclude>
    <ClInclude Include="include\tetengo2.gui.mouse_observer_set.h">
      <Filter>headers\tetengo2::gui</Filter>
    </ClInclude>
    <ClInclude Include="include\tetengo2.cpp0x_keyword.h">
      <Filter>headers\tetengo2</Filter>
    </ClInclude>
    <ClInclude Include="include\tetengo2.operators.h">
      <Filter>headers\tetengo2</Filter>
    </ClInclude>
    <ClInclude Include="include\tetengo2.gui.win32.label.h">
      <Filter>headers\tetengo2::gui</Filter>
    </ClInclude>
    <ClInclude Include="include\tetengo2.gui.win32.control.h">
      <Filter>headers\tetengo2::gui</Filter>
    </ClInclude>
    <ClInclude Include="include\tetengo2.gui.unit.pixel.h">
      <Filter>headers\tetengo2::gui::unit</Filter>
    </ClInclude>
    <ClInclude Include="include\tetengo2.gui.traits.menu_traits.h">
      <Filter>headers\tetengo2::gui::traits</Filter>
    </ClInclude>
    <ClInclude Include="include\tetengo2.gui.traits.widget_traits.h">
      <Filter>headers\tetengo2::gui::traits</Filter>
    </ClInclude>
    <ClInclude Include="include\tetengo2.gui.traits.abstract_window_traits.h">
      <Filter>headers\tetengo2::gui::traits</Filter>
    </ClInclude>
    <ClInclude Include="include\tetengo2.gui.traits.button_traits.h">
      <Filter>headers\tetengo2::gui::traits</Filter>
    </ClInclude>
    <ClInclude Include="include\tetengo2.gui.traits.control_traits.h">
      <Filter>headers\tetengo2::gui::traits</Filter>
    </ClInclude>
    <ClInclude Include="include\tetengo2.gui.traits.dialog_traits.h">
      <Filter>headers\tetengo2::gui::traits</Filter>
    </ClInclude>
    <ClInclude Include="include\tetengo2.gui.traits.label_traits.h">
      <Filter>headers\tetengo2::gui::traits</Filter>
    </ClInclude>
    <ClInclude Include="include\tetengo2.gui.traits.window_traits.h">
      <Filter>headers\tetengo2::gui::traits</Filter>
    </ClInclude>
    <ClInclude Include="include\tetengo2.gui.measure.h">
      <Filter>headers\tetengo2::gui</Filter>
    </ClInclude>
    <ClInclude Include="include\tetengo2.gui.drawing.win32.gdiplus.widget_canvas.h">
      <Filter>headers\tetengo2::gui::drawing</Filter>
    </ClInclude>
    <ClInclude Include="include\tetengo2.gui.drawing.win32.gdiplus.canvas.h">
      <Filter>headers\tetengo2::gui::drawing</Filter>
    </ClInclude>
    <ClInclude Include="include\tetengo2.gui.drawing.win32.gdiplus.picture.h">
      <Filter>headers\tetengo2::gui::drawing</Filter>
    </ClInclude>
    <ClInclude Include="include\tetengo2.gui.drawing.win32.gdiplus.picture_reader.h">
      <Filter>headers\tetengo2::gui::drawing</Filter>
    </ClInclude>
    <ClInclude Include="include\tetengo2.gui.win32.image.h">
      <Filter>headers\tetengo2::gui</Filter>
    </ClInclude>
    <ClInclude Include="include\tetengo2.gui.traits.image_traits.h">
      <Filter>headers\tetengo2::gui::traits</Filter>
    </ClInclude>
    <ClInclude Include="include\tetengo2.gui.drawing.color.h">
      <Filter>headers\tetengo2::gui::drawing</Filter>
    </ClInclude>
    <ClInclude Include="include\tetengo2.gui.drawing.background.h">
      <Filter>headers\tetengo2::gui::drawing</Filter>
    </ClInclude>
    <ClInclude Include="include\tetengo2.gui.drawing.win32.gdiplus.transparent_background.h">
      <Filter>headers\tetengo2::gui::drawing</Filter>
    </ClInclude>
    <ClInclude Include="include\tetengo2.gui.drawing.win32.gdiplus.solid_background.h">
      <Filter>headers\tetengo2::gui::drawing</Filter>
    </ClInclude>
    <ClInclude Include="include\tetengo2.gui.drawing.win32.font.h">
      <Filter>headers\tetengo2::gui::drawing</Filter>
    </ClInclude>
    <ClInclude Include="include\tetengo2.gui.drawing.win32.detail.font.h">
      <Filter>headers\tetengo2::gui::drawing</Filter>
    </ClInclude>
    <ClInclude Include="include\tetengo2.detail.windows.windows_version.h">
      <Filter>headers\tetengo2::detail::windows</Filter>
    </ClInclude>
    <ClInclude Include="include\tetengo2.detail.stub.encoding.h">
      <Filter>headers\tetengo2::detail::stub</Filter>
    </ClInclude>
    <ClInclude Include="include\tetengo2.detail.windows.encoding.h">
      <Filter>headers\tetengo2::detail::windows</Filter>
    </ClInclude>
    <ClInclude Include="include\tetengo2.encoding.utf8.h">
      <Filter>headers\tetengo2::encoding</Filter>
    </ClInclude>
    <ClInclude Include="include\tetengo2.detail.stub.unit.h">
      <Filter>headers\tetengo2::detail::stub</Filter>
    </ClInclude>
    <ClInclude Include="include\tetengo2.detail.windows.unit.h">
      <Filter>headers\tetengo2::detail::windows</Filter>
    </ClInclude>
    <ClInclude Include="include\tetengo2.gui.unit.em.h">
      <Filter>headers\tetengo2::gui::unit</Filter>
    </ClInclude>
  </ItemGroup>
</Project>