<?xml version="1.0" encoding="utf-8"?>
<Project ToolsVersion="4.0" xmlns="http://schemas.microsoft.com/developer/msbuild/2003">
  <ItemGroup>
    <Filter Include="headers">
      <UniqueIdentifier>{c66cfaa4-f144-4f1d-9772-da91a5247fbc}</UniqueIdentifier>
    </Filter>
    <Filter Include="resources">
      <UniqueIdentifier>{a5ad790c-f55a-4378-a796-f7b60a290ac1}</UniqueIdentifier>
    </Filter>
    <Filter Include="sources">
      <UniqueIdentifier>{8268aba0-5128-4bb1-a726-694828b3f294}</UniqueIdentifier>
    </Filter>
    <Filter Include="resources\messages.test">
      <UniqueIdentifier>{88129b10-44cf-4601-bd33-b39fd5cfc891}</UniqueIdentifier>
    </Filter>
    <Filter Include="sources\test_tetengo2">
      <UniqueIdentifier>{860866e5-220b-4e8b-ae35-220d9a0247de}</UniqueIdentifier>
    </Filter>
    <Filter Include="sources\test_tetengo2\concurrent">
      <UniqueIdentifier>{d98ed1d5-d905-4e7b-a1b1-4249b8fb5ffb}</UniqueIdentifier>
    </Filter>
    <Filter Include="sources\test_tetengo2\meta">
      <UniqueIdentifier>{f39296db-b0dc-4492-8ec6-1fca151306fb}</UniqueIdentifier>
    </Filter>
    <Filter Include="sources\test_tetengo2\text">
      <UniqueIdentifier>{d1e42f93-440c-4693-9838-11c03ad47ae6}</UniqueIdentifier>
    </Filter>
    <Filter Include="sources\test_tetengo2\text\encoding">
      <UniqueIdentifier>{4058f1f3-8208-4f79-b93b-1dc39d1c6236}</UniqueIdentifier>
    </Filter>
    <Filter Include="sources\test_tetengo2\text\grammar">
      <UniqueIdentifier>{b8773047-d16e-45e7-afae-0fae03880103}</UniqueIdentifier>
    </Filter>
    <Filter Include="sources\test_tetengo2\message">
      <UniqueIdentifier>{ee0f7809-eda3-47e4-92d1-265eb88ba4bd}</UniqueIdentifier>
    </Filter>
    <Filter Include="headers\test_tetengo2">
      <UniqueIdentifier>{ac4e45cb-5196-4baa-b95e-79cc5f3057a4}</UniqueIdentifier>
    </Filter>
    <Filter Include="sources\test_tetengo2\config">
      <UniqueIdentifier>{e9ade08b-bf85-4dc9-a534-e322bde295dc}</UniqueIdentifier>
    </Filter>
  </ItemGroup>
  <ItemGroup>
    <ClInclude Include="..\precompiled\precompiled.h">
      <Filter>headers</Filter>
    </ClInclude>
    <ClInclude Include="test\test_tetengo2.type_list.h">
      <Filter>headers\test_tetengo2</Filter>
    </ClInclude>
    <ClInclude Include="test\test_tetengo2.detail_type_list.h">
      <Filter>headers\test_tetengo2</Filter>
    </ClInclude>
  </ItemGroup>
  <ItemGroup>
    <ClCompile Include="test\master.cpp">
      <Filter>sources</Filter>
    </ClCompile>
    <ClCompile Include="..\precompiled\precompiled.cpp">
      <Filter>sources</Filter>
    </ClCompile>
    <ClCompile Include="test\test_tetengo2.text.cpp">
      <Filter>sources\test_tetengo2</Filter>
    </ClCompile>
    <ClCompile Include="test\test_tetengo2.meta.assoc_list.cpp">
      <Filter>sources\test_tetengo2\meta</Filter>
    </ClCompile>
    <ClCompile Include="test\test_tetengo2.concurrent.consumer.cpp">
      <Filter>sources\test_tetengo2\concurrent</Filter>
    </ClCompile>
    <ClCompile Include="test\test_tetengo2.concurrent.producer.cpp">
      <Filter>sources\test_tetengo2\concurrent</Filter>
    </ClCompile>
    <ClCompile Include="test\test_tetengo2.concurrent.channel.cpp">
      <Filter>sources\test_tetengo2\concurrent</Filter>
    </ClCompile>
    <ClCompile Include="test\test_tetengo2.text.encoding.ascii.cpp">
      <Filter>sources\test_tetengo2\text\encoding</Filter>
    </ClCompile>
    <ClCompile Include="test\test_tetengo2.text.encoding.encoding.cpp">
      <Filter>sources\test_tetengo2\text\encoding</Filter>
    </ClCompile>
    <ClCompile Include="test\test_tetengo2.text.encoding.locale.cpp">
      <Filter>sources\test_tetengo2\text\encoding</Filter>
    </ClCompile>
    <ClCompile Include="test\test_tetengo2.text.encoding.utf8.cpp">
      <Filter>sources\test_tetengo2\text\encoding</Filter>
    </ClCompile>
    <ClCompile Include="test\test_tetengo2.text.encoder.cpp">
      <Filter>sources\test_tetengo2\text</Filter>
    </ClCompile>
    <ClCompile Include="test\test_tetengo2.text.pull_parser.cpp">
      <Filter>sources\test_tetengo2\text</Filter>
    </ClCompile>
    <ClCompile Include="test\test_tetengo2.text.push_parser.cpp">
      <Filter>sources\test_tetengo2\text</Filter>
    </ClCompile>
    <ClCompile Include="test\test_tetengo2.text.grammar.json.cpp">
      <Filter>sources\test_tetengo2\text\grammar</Filter>
    </ClCompile>
    <ClCompile Include="test\test_tetengo2.message.message_catalog.cpp">
      <Filter>sources\test_tetengo2\message</Filter>
    </ClCompile>
    <ClCompile Include="test\test_tetengo2.message.messages.cpp">
      <Filter>sources\test_tetengo2\message</Filter>
    </ClCompile>
    <ClCompile Include="test\test_tetengo2.message.message_catalog_parser.cpp">
      <Filter>sources\test_tetengo2\message</Filter>
    </ClCompile>
    <ClCompile Include="test\test_tetengo2.text.encoding.cp932.cpp">
      <Filter>sources\test_tetengo2\text\encoding</Filter>
    </ClCompile>
    <ClCompile Include="test\test_tetengo2.config.config_base.cpp">
      <Filter>sources\test_tetengo2\config</Filter>
    </ClCompile>
    <ClCompile Include="test\test_tetengo2.config.temporary_config.cpp">
      <Filter>sources\test_tetengo2\config</Filter>
    </ClCompile>
    <ClCompile Include="test\test_tetengo2.config.config_list.cpp">
      <Filter>sources\test_tetengo2\config</Filter>
    </ClCompile>
    <ClCompile Include="test\test_tetengo2.config.cached_config.cpp">
      <Filter>sources\test_tetengo2\config</Filter>
    </ClCompile>
    <ClCompile Include="test\test_tetengo2.config.persistent_config.cpp">
      <Filter>sources\test_tetengo2\config</Filter>
    </ClCompile>
    <ClCompile Include="test\test_tetengo2.concurrent.progressive_future.cpp">
      <Filter>sources\test_tetengo2\concurrent</Filter>
    </ClCompile>
    <ClCompile Include="test\test_tetengo2.concurrent.progressive_promise.cpp">
      <Filter>sources\test_tetengo2\concurrent</Filter>
    </ClCompile>
  </ItemGroup>
  <ItemGroup>
    <None Include="res.test\messages.test\_catalogs.json">
      <Filter>resources\messages.test</Filter>
    </None>
    <None Include="res.test\messages.test\English.json">
      <Filter>resources\messages.test</Filter>
    </None>
    <None Include="res.test\messages.test\Japanese.json">
      <Filter>resources\messages.test</Filter>
    </None>
  </ItemGroup>
</Project>