<?xml version="1.0" encoding="utf-8"?>
<Project ToolsVersion="4.0" xmlns="http://schemas.microsoft.com/developer/msbuild/2003">
  <ItemGroup>
    <Filter Include="headers">
      <UniqueIdentifier>{08d6ba5f-e68c-480d-9720-41e488251b7f}</UniqueIdentifier>
    </Filter>
    <Filter Include="headers\tetengo2">
      <UniqueIdentifier>{ec59ad07-4816-4698-8ec4-eccc2e299eec}</UniqueIdentifier>
    </Filter>
    <Filter Include="headers\tetengo2\concurrent">
      <UniqueIdentifier>{d05b3433-0495-4046-adb4-cfb72b402d56}</UniqueIdentifier>
    </Filter>
    <Filter Include="headers\tetengo2\meta">
      <UniqueIdentifier>{c7f1a761-d684-452e-9d9f-fa0fedff1c57}</UniqueIdentifier>
    </Filter>
    <Filter Include="headers\tetengo2\text">
      <UniqueIdentifier>{b6e90a66-3b58-4f27-b92b-f77cf3b4b069}</UniqueIdentifier>
    </Filter>
    <Filter Include="headers\tetengo2\text\encoding">
      <UniqueIdentifier>{8e2047ca-496a-4bcb-8e9c-a7144f52ceea}</UniqueIdentifier>
    </Filter>
    <Filter Include="headers\tetengo2\text\grammar">
      <UniqueIdentifier>{7c6b6e30-2234-4de7-897f-5a58ac567517}</UniqueIdentifier>
    </Filter>
    <Filter Include="headers\tetengo2\message">
      <UniqueIdentifier>{9bee3c30-6bf6-40f6-a5f2-01adaecdee2d}</UniqueIdentifier>
    </Filter>
    <Filter Include="sources">
      <UniqueIdentifier>{e64efb71-5d8d-420f-8b36-a838048b9a6b}</UniqueIdentifier>
    </Filter>
    <Filter Include="sources\tetengo2">
      <UniqueIdentifier>{154e5474-c402-4b0b-833b-2236539182bf}</UniqueIdentifier>
    </Filter>
    <Filter Include="sources\tetengo2\text">
      <UniqueIdentifier>{649492b9-7708-47fd-8491-9bf35c5d96e4}</UniqueIdentifier>
    </Filter>
    <Filter Include="sources\tetengo2\text\grammar">
      <UniqueIdentifier>{d75ae191-42e6-4913-ad9f-0617ddbc9c4c}</UniqueIdentifier>
    </Filter>
    <Filter Include="headers\tetengo2\config">
      <UniqueIdentifier>{5e9bcbff-781a-4714-b305-fd10b0083950}</UniqueIdentifier>
    </Filter>
    <Filter Include="sources\tetengo2\concurrent">
      <UniqueIdentifier>{59965896-645b-4bb7-9a51-fe897ec4351c}</UniqueIdentifier>
    </Filter>
    <Filter Include="sources\tetengo2\config">
      <UniqueIdentifier>{157bfdc6-9ecd-406d-ac3a-df4fdaa3145b}</UniqueIdentifier>
    </Filter>
  </ItemGroup>
  <ItemGroup>
    <ClInclude Include="include\tetengo2.h">
      <Filter>headers</Filter>
    </ClInclude>
    <ClInclude Include="include\tetengo2\0namespace.dox">
      <Filter>headers\tetengo2</Filter>
    </ClInclude>
    <ClInclude Include="include\tetengo2\concurrent\0namespace.dox">
      <Filter>headers\tetengo2\concurrent</Filter>
    </ClInclude>
    <ClInclude Include="include\tetengo2\config\0namespace.dox">
      <Filter>headers\tetengo2\config</Filter>
    </ClInclude>
    <ClInclude Include="include\tetengo2\message\0namespace.dox">
      <Filter>headers\tetengo2\message</Filter>
    </ClInclude>
    <ClInclude Include="include\tetengo2\meta\0namespace.dox">
      <Filter>headers\tetengo2\meta</Filter>
    </ClInclude>
    <ClInclude Include="include\tetengo2\text\0namespace.dox">
      <Filter>headers\tetengo2\text</Filter>
    </ClInclude>
    <ClInclude Include="include\tetengo2\text\encoding\0namespace.dox">
      <Filter>headers\tetengo2\text\encoding</Filter>
    </ClInclude>
    <ClInclude Include="include\tetengo2\text\grammar\0namespace.dox">
      <Filter>headers\tetengo2\text\grammar</Filter>
    </ClInclude>
    <ClInclude Include="include\tetengo2\text\encoding\ascii.h">
      <Filter>headers\tetengo2\text\encoding</Filter>
    </ClInclude>
    <ClInclude Include="include\tetengo2\meta\assoc_list.h">
      <Filter>headers\tetengo2\meta</Filter>
    </ClInclude>
    <ClInclude Include="include\tetengo2\config\cached_config.h">
      <Filter>headers\tetengo2\config</Filter>
    </ClInclude>
    <ClInclude Include="include\tetengo2\concurrent\channel.h">
      <Filter>headers\tetengo2\concurrent</Filter>
    </ClInclude>
    <ClInclude Include="include\tetengo2\config\config_base.h">
      <Filter>headers\tetengo2\config</Filter>
    </ClInclude>
    <ClInclude Include="include\tetengo2\config\config_list.h">
      <Filter>headers\tetengo2\config</Filter>
    </ClInclude>
    <ClInclude Include="include\tetengo2\concurrent\consumer.h">
      <Filter>headers\tetengo2\concurrent</Filter>
    </ClInclude>
    <ClInclude Include="include\tetengo2\text\encoder.h">
      <Filter>headers\tetengo2\text</Filter>
    </ClInclude>
    <ClInclude Include="include\tetengo2\text\encoding\cp932.h">
      <Filter>headers\tetengo2\text\encoding</Filter>
    </ClInclude>
    <ClInclude Include="include\tetengo2\text\encoding\encoding.h">
      <Filter>headers\tetengo2\text\encoding</Filter>
    </ClInclude>
    <ClInclude Include="include\tetengo2\text\grammar\json.h">
      <Filter>headers\tetengo2\text\grammar</Filter>
    </ClInclude>
    <ClInclude Include="include\tetengo2\text\encoding\locale.h">
      <Filter>headers\tetengo2\text\encoding</Filter>
    </ClInclude>
    <ClInclude Include="include\tetengo2\message\message_catalog.h">
      <Filter>headers\tetengo2\message</Filter>
    </ClInclude>
    <ClInclude Include="include\tetengo2\message\message_catalog_parser.h">
      <Filter>headers\tetengo2\message</Filter>
    </ClInclude>
    <ClInclude Include="include\tetengo2\message\messages.h">
      <Filter>headers\tetengo2\message</Filter>
    </ClInclude>
    <ClInclude Include="include\tetengo2\config\persistent_config.h">
      <Filter>headers\tetengo2\config</Filter>
    </ClInclude>
    <ClInclude Include="include\tetengo2\concurrent\producer.h">
      <Filter>headers\tetengo2\concurrent</Filter>
    </ClInclude>
    <ClInclude Include="include\tetengo2\text\push_parser.h">
      <Filter>headers\tetengo2\text</Filter>
    </ClInclude>
    <ClInclude Include="include\tetengo2\text\pull_parser.h">
      <Filter>headers\tetengo2\text</Filter>
    </ClInclude>
    <ClInclude Include="include\tetengo2\config\temporary_config.h">
      <Filter>headers\tetengo2\config</Filter>
    </ClInclude>
    <ClInclude Include="include\tetengo2\stdalt.h">
      <Filter>headers\tetengo2</Filter>
    </ClInclude>
    <ClInclude Include="include\tetengo2\text.h">
      <Filter>headers\tetengo2</Filter>
    </ClInclude>
    <ClInclude Include="include\tetengo2\text\encoding\utf8.h">
      <Filter>headers\tetengo2\text\encoding</Filter>
    </ClInclude>
    <ClInclude Include="..\precompiled\precompiled.h">
      <Filter>headers</Filter>
    </ClInclude>
    <ClInclude Include="include\tetengo2\concurrent\progressive_future.h">
      <Filter>headers\tetengo2\concurrent</Filter>
    </ClInclude>
    <ClInclude Include="include\tetengo2\concurrent\progressive_promise.h">
      <Filter>headers\tetengo2\concurrent</Filter>
    </ClInclude>
    <ClInclude Include="include\tetengo2\observable_forward_iterator.h">
      <Filter>headers\tetengo2</Filter>
    </ClInclude>
    <ClInclude Include="include\tetengo2\text\character_iterator.h">
      <Filter>headers\tetengo2\text</Filter>
    </ClInclude>
    <ClInclude Include="include\tetengo2\type_list.h">
      <Filter>headers\tetengo2</Filter>
    </ClInclude>
  </ItemGroup>
  <ItemGroup>
    <ClCompile Include="src\tetengo2.text.grammar.json.cpp">
      <Filter>sources\tetengo2\text\grammar</Filter>
    </ClCompile>
    <ClCompile Include="..\precompiled\precompiled.cpp">
      <Filter>sources</Filter>
    </ClCompile>
    <ClCompile Include="src\tetengo2.concurrent.progressive_future.cpp">
      <Filter>sources\tetengo2\concurrent</Filter>
    </ClCompile>
    <ClCompile Include="src\tetengo2.config.cached_config.cpp">
      <Filter>sources\tetengo2\config</Filter>
    </ClCompile>
    <ClCompile Include="src\tetengo2.config.config_base.cpp">
      <Filter>sources\tetengo2\config</Filter>
    </ClCompile>
    <ClCompile Include="src\tetengo2.config.config_list.cpp">
      <Filter>sources\tetengo2\config</Filter>
    </ClCompile>
    <ClCompile Include="src\tetengo2.config.persistent_config.cpp">
      <Filter>sources\tetengo2\config</Filter>
    </ClCompile>
    <ClCompile Include="src\tetengo2.config.temporary_config.cpp">
      <Filter>sources\tetengo2\config</Filter>
    </ClCompile>
  </ItemGroup>
</Project>