<?xml version="1.0" encoding="utf-8"?>
<Project ToolsVersion="4.0" xmlns="http://schemas.microsoft.com/developer/msbuild/2003">
  <ItemGroup>
    <Filter Include="headers">
      <UniqueIdentifier>{c66cfaa4-f144-4f1d-9772-da91a5247fbc}</UniqueIdentifier>
    </Filter>
    <Filter Include="resources">
      <UniqueIdentifier>{a5ad790c-f55a-4378-a796-f7b60a290ac1}</UniqueIdentifier>
    </Filter>
    <Filter Include="sources">
      <UniqueIdentifier>{8268aba0-5128-4bb1-a726-694828b3f294}</UniqueIdentifier>
    </Filter>
    <Filter Include="resources\messages.test">
      <UniqueIdentifier>{88129b10-44cf-4601-bd33-b39fd5cfc891}</UniqueIdentifier>
    </Filter>
    <Filter Include="sources\test_tetengo2::meta">
      <UniqueIdentifier>{f39296db-b0dc-4492-8ec6-1fca151306fb}</UniqueIdentifier>
    </Filter>
    <Filter Include="sources\test_tetengo2">
      <UniqueIdentifier>{860866e5-220b-4e8b-ae35-220d9a0247de}</UniqueIdentifier>
    </Filter>
    <Filter Include="sources\test_tetengo2::encoding">
      <UniqueIdentifier>{4058f1f3-8208-4f79-b93b-1dc39d1c6236}</UniqueIdentifier>
    </Filter>
    <Filter Include="sources\test_tetengo2::gui">
      <UniqueIdentifier>{59301210-ebbf-402c-810c-fd57df94353f}</UniqueIdentifier>
    </Filter>
    <Filter Include="sources\test_tetengo2::gui::unit">
      <UniqueIdentifier>{8d96695a-f7cd-4028-8ef8-ba34b2d12a1a}</UniqueIdentifier>
    </Filter>
    <Filter Include="sources\test_tetengo2::gui::drawing">
      <UniqueIdentifier>{0dfc00c9-8439-4893-a77d-0a7bbb07e83f}</UniqueIdentifier>
    </Filter>
    <Filter Include="sources\test_tetengo2::json">
      <UniqueIdentifier>{b8773047-d16e-45e7-afae-0fae03880103}</UniqueIdentifier>
    </Filter>
    <Filter Include="sources\test_tetengo2::concurrent">
      <UniqueIdentifier>{d98ed1d5-d905-4e7b-a1b1-4249b8fb5ffb}</UniqueIdentifier>
    </Filter>
  </ItemGroup>
  <ItemGroup>
    <ClInclude Include="..\precompiled\precompiled.h">
      <Filter>headers</Filter>
    </ClInclude>
  </ItemGroup>
  <ItemGroup>
    <None Include="res.test\messages.test\_catalogs.txt">
      <Filter>resources\messages.test</Filter>
    </None>
    <None Include="res.test\messages.test\English.txt">
      <Filter>resources\messages.test</Filter>
    </None>
    <None Include="res.test\messages.test\Japanese.txt">
      <Filter>resources\messages.test</Filter>
    </None>
  </ItemGroup>
  <ItemGroup>
    <ClCompile Include="test\master.cpp">
      <Filter>sources</Filter>
    </ClCompile>
    <ClCompile Include="..\precompiled\precompiled.cpp">
      <Filter>sources</Filter>
    </ClCompile>
    <ClCompile Include="test\test_tetengo2.encoder.cpp">
      <Filter>sources\test_tetengo2</Filter>
    </ClCompile>
    <ClCompile Include="test\test_tetengo2.message_catalog.cpp">
      <Filter>sources\test_tetengo2</Filter>
    </ClCompile>
    <ClCompile Include="test\test_tetengo2.message_catalog_parser.cpp">
      <Filter>sources\test_tetengo2</Filter>
    </ClCompile>
    <ClCompile Include="test\test_tetengo2.messages.cpp">
      <Filter>sources\test_tetengo2</Filter>
    </ClCompile>
    <ClCompile Include="test\test_tetengo2.text.cpp">
      <Filter>sources\test_tetengo2</Filter>
    </ClCompile>
    <ClCompile Include="test\test_tetengo2.encoding.ascii.cpp">
      <Filter>sources\test_tetengo2::encoding</Filter>
    </ClCompile>
    <ClCompile Include="test\test_tetengo2.encoding.encoding.cpp">
      <Filter>sources\test_tetengo2::encoding</Filter>
    </ClCompile>
    <ClCompile Include="test\test_tetengo2.encoding.locale.cpp">
      <Filter>sources\test_tetengo2::encoding</Filter>
    </ClCompile>
    <ClCompile Include="test\test_tetengo2.gui.recursive_menu_iterator.cpp">
      <Filter>sources\test_tetengo2::gui</Filter>
    </ClCompile>
    <ClCompile Include="test\test_tetengo2.meta.assoc_list.cpp">
      <Filter>sources\test_tetengo2::meta</Filter>
    </ClCompile>
    <ClCompile Include="test\test_tetengo2.gui.window_observer_set.cpp">
      <Filter>sources\test_tetengo2::gui</Filter>
    </ClCompile>
    <ClCompile Include="test\test_tetengo2.gui.paint_observer_set.cpp">
      <Filter>sources\test_tetengo2::gui</Filter>
    </ClCompile>
    <ClCompile Include="test\test_tetengo2.gui.menu_observer_set.cpp">
      <Filter>sources\test_tetengo2::gui</Filter>
    </ClCompile>
    <ClCompile Include="test\test_tetengo2.gui.mouse_observer_set.cpp">
      <Filter>sources\test_tetengo2::gui</Filter>
    </ClCompile>
    <ClCompile Include="test\test_tetengo2.operators.cpp">
      <Filter>sources\test_tetengo2</Filter>
    </ClCompile>
    <ClCompile Include="test\test_tetengo2.gui.unit.pixel.cpp">
      <Filter>sources\test_tetengo2::gui::unit</Filter>
    </ClCompile>
    <ClCompile Include="test\test_tetengo2.gui.measure.cpp">
      <Filter>sources\test_tetengo2::gui</Filter>
    </ClCompile>
    <ClCompile Include="test\test_tetengo2.gui.drawing.color.cpp">
      <Filter>sources\test_tetengo2::gui::drawing</Filter>
    </ClCompile>
    <ClCompile Include="test\test_tetengo2.gui.drawing.background.cpp">
      <Filter>sources\test_tetengo2::gui::drawing</Filter>
    </ClCompile>
    <ClCompile Include="test\test_tetengo2.encoding.utf8.cpp">
      <Filter>sources\test_tetengo2::encoding</Filter>
    </ClCompile>
    <ClCompile Include="test\test_tetengo2.gui.unit.em.cpp">
      <Filter>sources\test_tetengo2::gui::unit</Filter>
    </ClCompile>
    <ClCompile Include="test\test_tetengo2.gui.drawing.font.cpp">
      <Filter>sources\test_tetengo2::gui::drawing</Filter>
    </ClCompile>
    <ClCompile Include="test\test_tetengo2.gui.drawing.transparent_background.cpp">
      <Filter>sources\test_tetengo2::gui::drawing</Filter>
    </ClCompile>
    <ClCompile Include="test\test_tetengo2.gui.drawing.solid_background.cpp">
      <Filter>sources\test_tetengo2::gui::drawing</Filter>
    </ClCompile>
    <ClCompile Include="test\test_tetengo2.gui.drawing.picture_reader.cpp">
      <Filter>sources\test_tetengo2::gui::drawing</Filter>
    </ClCompile>
    <ClCompile Include="test\test_tetengo2.gui.drawing.picture.cpp">
      <Filter>sources\test_tetengo2::gui::drawing</Filter>
    </ClCompile>
    <ClCompile Include="test\test_tetengo2.gui.drawing.widget_canvas.cpp">
      <Filter>sources\test_tetengo2::gui::drawing</Filter>
    </ClCompile>
    <ClCompile Include="test\test_tetengo2.gui.drawing.canvas.cpp">
      <Filter>sources\test_tetengo2::gui::drawing</Filter>
    </ClCompile>
    <ClCompile Include="test\test_tetengo2.gui.alert.cpp">
      <Filter>sources\test_tetengo2::gui</Filter>
    </ClCompile>
    <ClCompile Include="test\test_tetengo2.gui.fixture.cpp">
      <Filter>sources\test_tetengo2::gui</Filter>
    </ClCompile>
    <ClCompile Include="test\test_tetengo2.gui.message_loop.cpp">
      <Filter>sources\test_tetengo2::gui</Filter>
    </ClCompile>
    <ClCompile Include="test\test_tetengo2.gui.message_loop_break.cpp">
      <Filter>sources\test_tetengo2::gui</Filter>
    </ClCompile>
    <ClCompile Include="test\test_tetengo2.gui.dialog_message_loop.cpp">
      <Filter>sources\test_tetengo2::gui</Filter>
    </ClCompile>
    <ClCompile Include="test\test_tetengo2.gui.popup_menu.cpp">
      <Filter>sources\test_tetengo2::gui</Filter>
    </ClCompile>
    <ClCompile Include="test\test_tetengo2.gui.abstract_popup_menu.cpp">
      <Filter>sources\test_tetengo2::gui</Filter>
    </ClCompile>
    <ClCompile Include="test\test_tetengo2.gui.main_menu.cpp">
      <Filter>sources\test_tetengo2::gui</Filter>
    </ClCompile>
    <ClCompile Include="test\test_tetengo2.gui.menu.cpp">
      <Filter>sources\test_tetengo2::gui</Filter>
    </ClCompile>
    <ClCompile Include="test\test_tetengo2.gui.menu_command.cpp">
      <Filter>sources\test_tetengo2::gui</Filter>
    </ClCompile>
    <ClCompile Include="test\test_tetengo2.gui.menu_separator.cpp">
      <Filter>sources\test_tetengo2::gui</Filter>
    </ClCompile>
    <ClCompile Include="test\test_tetengo2.gui.window.cpp">
      <Filter>sources\test_tetengo2::gui</Filter>
    </ClCompile>
    <ClCompile Include="test\test_tetengo2.gui.abstract_window.cpp">
      <Filter>sources\test_tetengo2::gui</Filter>
    </ClCompile>
    <ClCompile Include="test\test_tetengo2.gui.button.cpp">
      <Filter>sources\test_tetengo2::gui</Filter>
    </ClCompile>
    <ClCompile Include="test\test_tetengo2.gui.control.cpp">
      <Filter>sources\test_tetengo2::gui</Filter>
    </ClCompile>
    <ClCompile Include="test\test_tetengo2.gui.dialog.cpp">
      <Filter>sources\test_tetengo2::gui</Filter>
    </ClCompile>
    <ClCompile Include="test\test_tetengo2.gui.image.cpp">
      <Filter>sources\test_tetengo2::gui</Filter>
    </ClCompile>
    <ClCompile Include="test\test_tetengo2.gui.label.cpp">
      <Filter>sources\test_tetengo2::gui</Filter>
    </ClCompile>
    <ClCompile Include="test\test_tetengo2.gui.widget.cpp">
      <Filter>sources\test_tetengo2::gui</Filter>
    </ClCompile>
    <ClCompile Include="test\test_tetengo2.gui.system_cursor.cpp">
      <Filter>sources\test_tetengo2::gui</Filter>
    </ClCompile>
    <ClCompile Include="test\test_tetengo2.gui.cursor.cpp">
      <Filter>sources\test_tetengo2::gui</Filter>
    </ClCompile>
    <ClCompile Include="test\test_tetengo2.gui.link_label.cpp">
      <Filter>sources\test_tetengo2::gui</Filter>
    </ClCompile>
    <ClCompile Include="test\test_tetengo2.gui.unit.unit.cpp">
      <Filter>sources\test_tetengo2::gui::unit</Filter>
    </ClCompile>
    <ClCompile Include="test\test_tetengo2.unique.cpp">
      <Filter>sources\test_tetengo2</Filter>
    </ClCompile>
    <ClCompile Include="test\test_tetengo2.json.grammar.cpp">
      <Filter>sources\test_tetengo2::json</Filter>
    </ClCompile>
    <ClCompile Include="test\test_tetengo2.json.push_parser.cpp">
      <Filter>sources\test_tetengo2::json</Filter>
    </ClCompile>
    <ClCompile Include="test\test_tetengo2.concurrent.consumer.cpp">
      <Filter>sources\test_tetengo2::concurrent</Filter>
    </ClCompile>
    <ClCompile Include="test\test_tetengo2.concurrent.producer.cpp">
      <Filter>sources\test_tetengo2::concurrent</Filter>
    </ClCompile>
  </ItemGroup>
</Project>