<?xml version="1.0" encoding="utf-8"?>
<Project ToolsVersion="4.0" xmlns="http://schemas.microsoft.com/developer/msbuild/2003">
  <ItemGroup>
    <Filter Include="headers">
      <UniqueIdentifier>{08d6ba5f-e68c-480d-9720-41e488251b7f}</UniqueIdentifier>
    </Filter>
    <Filter Include="headers\tetengo2::detail">
      <UniqueIdentifier>{962a8c8d-06e6-47d2-8a66-81b1b2816322}</UniqueIdentifier>
    </Filter>
    <Filter Include="headers\tetengo2::detail\stub">
      <UniqueIdentifier>{ec77ce78-8f8b-4143-b3d0-fdf250201d84}</UniqueIdentifier>
    </Filter>
    <Filter Include="headers\tetengo2::detail\windows">
      <UniqueIdentifier>{7fff864c-722e-40fe-95ec-6be896ae7240}</UniqueIdentifier>
    </Filter>
    <Filter Include="headers\tetengo2::detail\windows\gdiplus">
      <UniqueIdentifier>{0468b3a4-d43c-4d49-841e-dc96e1bb257a}</UniqueIdentifier>
    </Filter>
    <Filter Include="headers\tetengo2::detail\windows\direct2d">
      <UniqueIdentifier>{735e1c8b-8009-4af7-ac68-7b44ab5f4555}</UniqueIdentifier>
    </Filter>
    <Filter Include="headers\tetengo2::detail\windows\message_handler_detail">
      <UniqueIdentifier>{b61737cf-0997-4425-b9b3-428991d517c5}</UniqueIdentifier>
    </Filter>
    <Filter Include="sources">
      <UniqueIdentifier>{b759834b-7e24-4de1-8c82-225f02871682}</UniqueIdentifier>
    </Filter>
    <Filter Include="sources\tetengo2::detail">
      <UniqueIdentifier>{ab4d5a06-fa2b-45a8-bd59-bce8d5dddde7}</UniqueIdentifier>
    </Filter>
    <Filter Include="sources\tetengo2::detail\base">
      <UniqueIdentifier>{63e3a975-2350-42dc-aa62-c289376bfb95}</UniqueIdentifier>
    </Filter>
    <Filter Include="headers\tetengo2::detail\base">
      <UniqueIdentifier>{3c9ca551-f105-4c80-b1de-1c5ce69ef769}</UniqueIdentifier>
    </Filter>
    <Filter Include="sources\tetengo2::detail\windows">
      <UniqueIdentifier>{602fcf81-7a97-4927-bcb6-1c5b31d6fa97}</UniqueIdentifier>
    </Filter>
    <Filter Include="sources\tetengo2::detail\stub">
      <UniqueIdentifier>{4d328984-4eb6-4e08-8d48-4208a90ceb0a}</UniqueIdentifier>
    </Filter>
    <Filter Include="sources\tetengo2::detail\windows\direct2d">
      <UniqueIdentifier>{5e560bd6-ffa0-4471-83e2-36698be2f669}</UniqueIdentifier>
    </Filter>
    <Filter Include="sources\tetengo2::detail\windows\gdiplus">
      <UniqueIdentifier>{eb888da0-caf2-438b-aeab-64226a793295}</UniqueIdentifier>
    </Filter>
    <Filter Include="headers\tetengo2::detail\unixos">
      <UniqueIdentifier>{ee7c4b8c-f1c0-4809-8906-ce4943e5f3f2}</UniqueIdentifier>
    </Filter>
    <Filter Include="sources\tetengo2::detail\unixos">
      <UniqueIdentifier>{5aac4953-74ff-48d6-9585-656886e7e295}</UniqueIdentifier>
    </Filter>
  </ItemGroup>
  <ItemGroup>
    <ClInclude Include="include\tetengo2\detail\stub\0namespace.dox">
      <Filter>headers\tetengo2::detail\stub</Filter>
    </ClInclude>
    <ClInclude Include="include\tetengo2\detail\stub\alert.h">
      <Filter>headers\tetengo2::detail\stub</Filter>
    </ClInclude>
    <ClInclude Include="include\tetengo2\detail\stub\common_dialog.h">
      <Filter>headers\tetengo2::detail\stub</Filter>
    </ClInclude>
    <ClInclude Include="include\tetengo2\detail\stub\cursor.h">
      <Filter>headers\tetengo2::detail\stub</Filter>
    </ClInclude>
    <ClInclude Include="include\tetengo2\detail\stub\drawing.h">
      <Filter>headers\tetengo2::detail\stub</Filter>
    </ClInclude>
    <ClInclude Include="include\tetengo2\detail\stub\gui_fixture.h">
      <Filter>headers\tetengo2::detail\stub</Filter>
    </ClInclude>
    <ClInclude Include="include\tetengo2\detail\stub\icon.h">
      <Filter>headers\tetengo2::detail\stub</Filter>
    </ClInclude>
    <ClInclude Include="include\tetengo2\detail\stub\menu.h">
      <Filter>headers\tetengo2::detail\stub</Filter>
    </ClInclude>
    <ClInclude Include="include\tetengo2\detail\stub\message_handler.h">
      <Filter>headers\tetengo2::detail\stub</Filter>
    </ClInclude>
    <ClInclude Include="include\tetengo2\detail\stub\message_loop.h">
      <Filter>headers\tetengo2::detail\stub</Filter>
    </ClInclude>
    <ClInclude Include="include\tetengo2\detail\stub\mouse_capture.h">
      <Filter>headers\tetengo2::detail\stub</Filter>
    </ClInclude>
    <ClInclude Include="include\tetengo2\detail\stub\scroll.h">
      <Filter>headers\tetengo2::detail\stub</Filter>
    </ClInclude>
    <ClInclude Include="include\tetengo2\detail\stub\shell.h">
      <Filter>headers\tetengo2::detail\stub</Filter>
    </ClInclude>
    <ClInclude Include="include\tetengo2\detail\stub\system_color.h">
      <Filter>headers\tetengo2::detail\stub</Filter>
    </ClInclude>
    <ClInclude Include="include\tetengo2\detail\stub\timer.h">
      <Filter>headers\tetengo2::detail\stub</Filter>
    </ClInclude>
    <ClInclude Include="include\tetengo2\detail\stub\unit.h">
      <Filter>headers\tetengo2::detail\stub</Filter>
    </ClInclude>
    <ClInclude Include="include\tetengo2\detail\stub\virtual_key.h">
      <Filter>headers\tetengo2::detail\stub</Filter>
    </ClInclude>
    <ClInclude Include="include\tetengo2\detail\stub\widget.h">
      <Filter>headers\tetengo2::detail\stub</Filter>
    </ClInclude>
    <ClInclude Include="include\tetengo2\detail\windows\0namespace.dox">
      <Filter>headers\tetengo2::detail\windows</Filter>
    </ClInclude>
    <ClInclude Include="include\tetengo2\detail\windows\alert.h">
      <Filter>headers\tetengo2::detail\windows</Filter>
    </ClInclude>
    <ClInclude Include="include\tetengo2\detail\windows\com_ptr.h">
      <Filter>headers\tetengo2::detail\windows</Filter>
    </ClInclude>
    <ClInclude Include="include\tetengo2\detail\windows\common_dialog.h">
      <Filter>headers\tetengo2::detail\windows</Filter>
    </ClInclude>
    <ClInclude Include="include\tetengo2\detail\windows\config.h">
      <Filter>headers\tetengo2::detail\windows</Filter>
    </ClInclude>
    <ClInclude Include="include\tetengo2\detail\windows\cursor.h">
      <Filter>headers\tetengo2::detail\windows</Filter>
    </ClInclude>
    <ClInclude Include="include\tetengo2\detail\windows\encoding.h">
      <Filter>headers\tetengo2::detail\windows</Filter>
    </ClInclude>
    <ClInclude Include="include\tetengo2\detail\windows\error_category.h">
      <Filter>headers\tetengo2::detail\windows</Filter>
    </ClInclude>
    <ClInclude Include="include\tetengo2\detail\windows\font.h">
      <Filter>headers\tetengo2::detail\windows</Filter>
    </ClInclude>
    <ClInclude Include="include\tetengo2\detail\windows\gui_fixture.h">
      <Filter>headers\tetengo2::detail\windows</Filter>
    </ClInclude>
    <ClInclude Include="include\tetengo2\detail\windows\icon.h">
      <Filter>headers\tetengo2::detail\windows</Filter>
    </ClInclude>
    <ClInclude Include="include\tetengo2\detail\windows\menu.h">
      <Filter>headers\tetengo2::detail\windows</Filter>
    </ClInclude>
    <ClInclude Include="include\tetengo2\detail\windows\message_handler.h">
      <Filter>headers\tetengo2::detail\windows</Filter>
    </ClInclude>
    <ClInclude Include="include\tetengo2\detail\windows\message_loop.h">
      <Filter>headers\tetengo2::detail\windows</Filter>
    </ClInclude>
    <ClInclude Include="include\tetengo2\detail\windows\mouse_capture.h">
      <Filter>headers\tetengo2::detail\windows</Filter>
    </ClInclude>
    <ClInclude Include="include\tetengo2\detail\windows\picture.h">
      <Filter>headers\tetengo2::detail\windows</Filter>
    </ClInclude>
    <ClInclude Include="include\tetengo2\detail\windows\scroll.h">
      <Filter>headers\tetengo2::detail\windows</Filter>
    </ClInclude>
    <ClInclude Include="include\tetengo2\detail\windows\shell.h">
      <Filter>headers\tetengo2::detail\windows</Filter>
    </ClInclude>
    <ClInclude Include="include\tetengo2\detail\windows\system_color.h">
      <Filter>headers\tetengo2::detail\windows</Filter>
    </ClInclude>
    <ClInclude Include="include\tetengo2\detail\windows\timer.h">
      <Filter>headers\tetengo2::detail\windows</Filter>
    </ClInclude>
    <ClInclude Include="include\tetengo2\detail\windows\unit.h">
      <Filter>headers\tetengo2::detail\windows</Filter>
    </ClInclude>
    <ClInclude Include="include\tetengo2\detail\windows\virtual_key.h">
      <Filter>headers\tetengo2::detail\windows</Filter>
    </ClInclude>
    <ClInclude Include="include\tetengo2\detail\windows\widget.h">
      <Filter>headers\tetengo2::detail\windows</Filter>
    </ClInclude>
    <ClInclude Include="include\tetengo2\detail\windows\windows_version.h">
      <Filter>headers\tetengo2::detail\windows</Filter>
    </ClInclude>
    <ClInclude Include="include\tetengo2\detail\windows\direct2d\0namespace.dox">
      <Filter>headers\tetengo2::detail\windows\direct2d</Filter>
    </ClInclude>
    <ClInclude Include="include\tetengo2\detail\windows\direct2d\drawing.h">
      <Filter>headers\tetengo2::detail\windows\direct2d</Filter>
    </ClInclude>
    <ClInclude Include="include\tetengo2\detail\windows\direct2d\error_category.h">
      <Filter>headers\tetengo2::detail\windows\direct2d</Filter>
    </ClInclude>
    <ClInclude Include="include\tetengo2\detail\windows\gdiplus\0namespace.dox">
      <Filter>headers\tetengo2::detail\windows\gdiplus</Filter>
    </ClInclude>
    <ClInclude Include="include\tetengo2\detail\windows\gdiplus\drawing.h">
      <Filter>headers\tetengo2::detail\windows\gdiplus</Filter>
    </ClInclude>
    <ClInclude Include="include\tetengo2\detail\windows\gdiplus\error_category.h">
      <Filter>headers\tetengo2::detail\windows\gdiplus</Filter>
    </ClInclude>
    <ClInclude Include="include\tetengo2\detail\windows\gdiplus\gui_fixture.h">
      <Filter>headers\tetengo2::detail\windows\gdiplus</Filter>
    </ClInclude>
    <ClInclude Include="include\tetengo2\detail\windows\message_handler_detail\0namespace.dox">
      <Filter>headers\tetengo2::detail\windows\message_handler_detail</Filter>
    </ClInclude>
    <ClInclude Include="include\tetengo2\detail\windows\message_handler_detail\abstra.h">
      <Filter>headers\tetengo2::detail\windows\message_handler_detail</Filter>
    </ClInclude>
    <ClInclude Include="include\tetengo2\detail\windows\message_handler_detail\button.h">
      <Filter>headers\tetengo2::detail\windows\message_handler_detail</Filter>
    </ClInclude>
    <ClInclude Include="include\tetengo2\detail\windows\message_handler_detail\contro.h">
      <Filter>headers\tetengo2::detail\windows\message_handler_detail</Filter>
    </ClInclude>
    <ClInclude Include="include\tetengo2\detail\windows\message_handler_detail\custom.h">
      <Filter>headers\tetengo2::detail\windows\message_handler_detail</Filter>
    </ClInclude>
    <ClInclude Include="include\tetengo2\detail\windows\message_handler_detail\dialog.h">
      <Filter>headers\tetengo2::detail\windows\message_handler_detail</Filter>
    </ClInclude>
    <ClInclude Include="include\tetengo2\detail\windows\message_handler_detail\dropdo.h">
      <Filter>headers\tetengo2::detail\windows\message_handler_detail</Filter>
    </ClInclude>
    <ClInclude Include="include\tetengo2\detail\windows\message_handler_detail\list_b.h">
      <Filter>headers\tetengo2::detail\windows\message_handler_detail</Filter>
    </ClInclude>
    <ClInclude Include="include\tetengo2\detail\windows\message_handler_detail\messag.h">
      <Filter>headers\tetengo2::detail\windows\message_handler_detail</Filter>
    </ClInclude>
    <ClInclude Include="include\tetengo2\detail\windows\message_handler_detail\pictur.h">
      <Filter>headers\tetengo2::detail\windows\message_handler_detail</Filter>
    </ClInclude>
    <ClInclude Include="include\tetengo2\detail\windows\message_handler_detail\text_b.h">
      <Filter>headers\tetengo2::detail\windows\message_handler_detail</Filter>
    </ClInclude>
    <ClInclude Include="include\tetengo2\detail\windows\message_handler_detail\widget.h">
      <Filter>headers\tetengo2::detail\windows\message_handler_detail</Filter>
    </ClInclude>
    <ClInclude Include="include\tetengo2\detail\base\config.h">
      <Filter>headers\tetengo2::detail\base</Filter>
    </ClInclude>
    <ClInclude Include="..\precompiled\precompiled.h">
      <Filter>headers</Filter>
    </ClInclude>
    <ClInclude Include="include\tetengo2\detail\base\encoding.h">
      <Filter>headers\tetengo2::detail\base</Filter>
    </ClInclude>
    <ClInclude Include="include\tetengo2\detail\base\alert.h">
      <Filter>headers\tetengo2::detail\base</Filter>
    </ClInclude>
    <ClInclude Include="include\tetengo2\detail\base\cursor.h">
      <Filter>headers\tetengo2::detail\base</Filter>
    </ClInclude>
    <ClInclude Include="include\tetengo2\detail\base\impl_set.h">
      <Filter>headers\tetengo2::detail\base</Filter>
    </ClInclude>
    <ClInclude Include="include\tetengo2\detail\stub\impl_set.h">
      <Filter>headers\tetengo2::detail\stub</Filter>
    </ClInclude>
    <ClInclude Include="include\tetengo2\detail\windows\impl_set.h">
      <Filter>headers\tetengo2::detail\windows</Filter>
    </ClInclude>
    <ClInclude Include="include\tetengo2\detail\base\gui_fixture.h">
      <Filter>headers\tetengo2::detail\base</Filter>
    </ClInclude>
    <ClInclude Include="include\tetengo2\detail\base\unit.h">
      <Filter>headers\tetengo2::detail\base</Filter>
    </ClInclude>
    <ClInclude Include="include\tetengo2\detail\windows\messages.h">
      <Filter>headers\tetengo2::detail\windows</Filter>
    </ClInclude>
    <ClInclude Include="include\tetengo2\detail\base\messages.h">
      <Filter>headers\tetengo2::detail\base</Filter>
    </ClInclude>
    <ClInclude Include="include\tetengo2\detail\base\icon.h">
      <Filter>headers\tetengo2::detail\base</Filter>
    </ClInclude>
    <ClInclude Include="include\tetengo2\detail\base\shell.h">
      <Filter>headers\tetengo2::detail\base</Filter>
    </ClInclude>
    <ClInclude Include="include\tetengo2\detail\base\virtual_key.h">
      <Filter>headers\tetengo2::detail\base</Filter>
    </ClInclude>
    <ClInclude Include="include\tetengo2\detail\base\system_color.h">
      <Filter>headers\tetengo2::detail\base</Filter>
    </ClInclude>
    <ClInclude Include="include\tetengo2\detail\unixos\config.h">
      <Filter>headers\tetengo2::detail\unixos</Filter>
    </ClInclude>
    <ClInclude Include="include\tetengo2\detail\unixos\encoding.h">
      <Filter>headers\tetengo2::detail\unixos</Filter>
    </ClInclude>
    <ClInclude Include="include\tetengo2\detail\unixos\impl_set.h">
      <Filter>headers\tetengo2::detail\unixos</Filter>
    </ClInclude>
    <ClInclude Include="include\tetengo2\detail\unixos\messages.h">
      <Filter>headers\tetengo2::detail\unixos</Filter>
    </ClInclude>
    <ClInclude Include="include\tetengo2\detail\windows\gui_impl_set.h">
      <Filter>headers\tetengo2::detail\windows</Filter>
    </ClInclude>
    <ClInclude Include="include\tetengo2\detail\unixos\gui_impl_set.h">
      <Filter>headers\tetengo2::detail\unixos</Filter>
    </ClInclude>
    <ClInclude Include="include\tetengo2\detail\stub\gui_impl_set.h">
      <Filter>headers\tetengo2::detail\stub</Filter>
    </ClInclude>
    <ClInclude Include="include\tetengo2\detail\base\gui_impl_set.h">
      <Filter>headers\tetengo2::detail\base</Filter>
    </ClInclude>
    <ClInclude Include="include\tetengo2\detail\base\widget.h">
      <Filter>headers\tetengo2::detail\base</Filter>
    </ClInclude>
    <ClInclude Include="include\tetengo2\detail\base\message_handler.h">
      <Filter>headers\tetengo2::detail\base</Filter>
    </ClInclude>
    <ClInclude Include="include\tetengo2\detail\base\menu.h">
      <Filter>headers\tetengo2::detail\base</Filter>
    </ClInclude>
    <ClInclude Include="include\tetengo2\detail\base\drawing.h">
      <Filter>headers\tetengo2::detail\base</Filter>
    </ClInclude>
    <ClInclude Include="include\tetengo2\detail\base\timer.h">
      <Filter>headers\tetengo2::detail\base</Filter>
    </ClInclude>
    <ClInclude Include="include\tetengo2\detail\base\mouse_capture.h">
      <Filter>headers\tetengo2::detail\base</Filter>
    </ClInclude>
    <ClInclude Include="include\tetengo2\detail\base\message_loop.h">
      <Filter>headers\tetengo2::detail\base</Filter>
    </ClInclude>
    <ClInclude Include="include\tetengo2\detail\base\scroll.h">
      <Filter>headers\tetengo2::detail\base</Filter>
    </ClInclude>
  </ItemGroup>
  <ItemGroup>
    <ClCompile Include="src\tetengo2.detail.base.config.cpp">
      <Filter>sources\tetengo2::detail\base</Filter>
    </ClCompile>
    <ClCompile Include="..\precompiled\precompiled.cpp">
      <Filter>sources</Filter>
    </ClCompile>
    <ClCompile Include="src\tetengo2.detail.windows.config.cpp">
      <Filter>sources\tetengo2::detail\windows</Filter>
    </ClCompile>
    <ClCompile Include="src\tetengo2.detail.base.encoding.cpp">
      <Filter>sources\tetengo2::detail\base</Filter>
    </ClCompile>
    <ClCompile Include="src\tetengo2.detail.windows.encoding.cpp">
      <Filter>sources\tetengo2::detail\windows</Filter>
    </ClCompile>
    <ClCompile Include="src\tetengo2.detail.stub.alert.cpp">
      <Filter>sources\tetengo2::detail\stub</Filter>
    </ClCompile>
    <ClCompile Include="src\tetengo2.detail.base.alert.cpp">
      <Filter>sources\tetengo2::detail\base</Filter>
    </ClCompile>
    <ClCompile Include="src\tetengo2.detail.windows.alert.cpp">
      <Filter>sources\tetengo2::detail\windows</Filter>
    </ClCompile>
    <ClCompile Include="src\tetengo2.detail.base.cursor.cpp">
      <Filter>sources\tetengo2::detail\base</Filter>
    </ClCompile>
    <ClCompile Include="src\tetengo2.detail.stub.cursor.cpp">
      <Filter>sources\tetengo2::detail\stub</Filter>
    </ClCompile>
    <ClCompile Include="src\tetengo2.detail.windows.cursor.cpp">
      <Filter>sources\tetengo2::detail\windows</Filter>
    </ClCompile>
    <ClCompile Include="src\tetengo2.detail.base.impl_set.cpp">
      <Filter>sources\tetengo2::detail\base</Filter>
    </ClCompile>
    <ClCompile Include="src\tetengo2.detail.stub.impl_set.cpp">
      <Filter>sources\tetengo2::detail\stub</Filter>
    </ClCompile>
    <ClCompile Include="src\tetengo2.detail.windows.impl_set.cpp">
      <Filter>sources\tetengo2::detail\windows</Filter>
    </ClCompile>
    <ClCompile Include="src\tetengo2.detail.windows.direct2d.error_category.cpp">
      <Filter>sources\tetengo2::detail\windows\direct2d</Filter>
    </ClCompile>
    <ClCompile Include="src\tetengo2.detail.windows.gdiplus.error_category.cpp">
      <Filter>sources\tetengo2::detail\windows\gdiplus</Filter>
    </ClCompile>
    <ClCompile Include="src\tetengo2.detail.windows.error_category.cpp">
      <Filter>sources\tetengo2::detail\windows</Filter>
    </ClCompile>
    <ClCompile Include="src\tetengo2.detail.windows.font.cpp">
      <Filter>sources\tetengo2::detail\windows</Filter>
    </ClCompile>
    <ClCompile Include="src\tetengo2.detail.stub.gui_fixture.cpp">
      <Filter>sources\tetengo2::detail\stub</Filter>
    </ClCompile>
    <ClCompile Include="src\tetengo2.detail.windows.gdiplus.gui_fixture.cpp">
      <Filter>sources\tetengo2::detail\windows\gdiplus</Filter>
    </ClCompile>
    <ClCompile Include="src\tetengo2.detail.windows.gui_fixture.cpp">
      <Filter>sources\tetengo2::detail\windows</Filter>
    </ClCompile>
    <ClCompile Include="src\tetengo2.detail.base.gui_fixture.cpp">
      <Filter>sources\tetengo2::detail\base</Filter>
    </ClCompile>
    <ClCompile Include="src\tetengo2.detail.base.unit.cpp">
      <Filter>sources\tetengo2::detail\base</Filter>
    </ClCompile>
    <ClCompile Include="src\tetengo2.detail.stub.unit.cpp">
      <Filter>sources\tetengo2::detail\stub</Filter>
    </ClCompile>
    <ClCompile Include="src\tetengo2.detail.windows.unit.cpp">
      <Filter>sources\tetengo2::detail\windows</Filter>
    </ClCompile>
    <ClCompile Include="src\tetengo2.detail.base.messages.cpp">
      <Filter>sources\tetengo2::detail\base</Filter>
    </ClCompile>
    <ClCompile Include="src\tetengo2.detail.windows.messages.cpp">
      <Filter>sources\tetengo2::detail\windows</Filter>
    </ClCompile>
    <ClCompile Include="src\tetengo2.detail.base.icon.cpp">
      <Filter>sources\tetengo2::detail\base</Filter>
    </ClCompile>
    <ClCompile Include="src\tetengo2.detail.stub.icon.cpp">
      <Filter>sources\tetengo2::detail\stub</Filter>
    </ClCompile>
    <ClCompile Include="src\tetengo2.detail.windows.icon.cpp">
      <Filter>sources\tetengo2::detail\windows</Filter>
    </ClCompile>
    <ClCompile Include="src\tetengo2.detail.base.shell.cpp">
      <Filter>sources\tetengo2::detail\base</Filter>
    </ClCompile>
    <ClCompile Include="src\tetengo2.detail.stub.shell.cpp">
      <Filter>sources\tetengo2::detail\stub</Filter>
    </ClCompile>
    <ClCompile Include="src\tetengo2.detail.windows.shell.cpp">
      <Filter>sources\tetengo2::detail\windows</Filter>
    </ClCompile>
    <ClCompile Include="src\tetengo2.detail.base.virtual_key.cpp">
      <Filter>sources\tetengo2::detail\base</Filter>
    </ClCompile>
    <ClCompile Include="src\tetengo2.detail.stub.virtual_key.cpp">
      <Filter>sources\tetengo2::detail\stub</Filter>
    </ClCompile>
    <ClCompile Include="src\tetengo2.detail.windows.virtual_key.cpp">
      <Filter>sources\tetengo2::detail\windows</Filter>
    </ClCompile>
    <ClCompile Include="src\tetengo2.detail.base.system_color.cpp">
      <Filter>sources\tetengo2::detail\base</Filter>
    </ClCompile>
    <ClCompile Include="src\tetengo2.detail.stub.system_color.cpp">
      <Filter>sources\tetengo2::detail\stub</Filter>
    </ClCompile>
    <ClCompile Include="src\tetengo2.detail.windows.system_color.cpp">
      <Filter>sources\tetengo2::detail\windows</Filter>
    </ClCompile>
    <ClCompile Include="src\tetengo2.detail.windows.picture.cpp">
      <Filter>sources\tetengo2::detail\windows</Filter>
    </ClCompile>
    <ClCompile Include="src\tetengo2.detail.windows.windows_version.cpp">
      <Filter>sources\tetengo2::detail\windows</Filter>
    </ClCompile>
    <ClCompile Include="src\tetengo2.detail.unixos.config.cpp">
      <Filter>sources\tetengo2::detail\unixos</Filter>
    </ClCompile>
    <ClCompile Include="src\tetengo2.detail.unixos.encoding.cpp">
      <Filter>sources\tetengo2::detail\unixos</Filter>
    </ClCompile>
    <ClCompile Include="src\tetengo2.detail.unixos.impl_set.cpp">
      <Filter>sources\tetengo2::detail\unixos</Filter>
    </ClCompile>
    <ClCompile Include="src\tetengo2.detail.unixos.messages.cpp">
      <Filter>sources\tetengo2::detail\unixos</Filter>
    </ClCompile>
    <ClCompile Include="src\tetengo2.detail.base.gui_impl_set.cpp">
      <Filter>sources\tetengo2::detail\base</Filter>
    </ClCompile>
    <ClCompile Include="src\tetengo2.detail.stub.gui_impl_set.cpp">
      <Filter>sources\tetengo2::detail\stub</Filter>
    </ClCompile>
    <ClCompile Include="src\tetengo2.detail.unixos.gui_impl_set.cpp">
      <Filter>sources\tetengo2::detail\unixos</Filter>
    </ClCompile>
    <ClCompile Include="src\tetengo2.detail.windows.gui_impl_set.cpp">
      <Filter>sources\tetengo2::detail\windows</Filter>
    </ClCompile>
    <ClCompile Include="src\tetengo2.detail.base.widget.cpp">
      <Filter>sources\tetengo2::detail\base</Filter>
    </ClCompile>
    <ClCompile Include="src\tetengo2.detail.stub.widget.cpp">
      <Filter>sources\tetengo2::detail\stub</Filter>
    </ClCompile>
    <ClCompile Include="src\tetengo2.detail.windows.widget.cpp">
      <Filter>sources\tetengo2::detail\windows</Filter>
    </ClCompile>
    <ClCompile Include="src\tetengo2.detail.base.message_handler.cpp">
      <Filter>sources\tetengo2::detail\base</Filter>
    </ClCompile>
    <ClCompile Include="src\tetengo2.detail.stub.message_handler.cpp">
      <Filter>sources\tetengo2::detail\stub</Filter>
    </ClCompile>
    <ClCompile Include="src\tetengo2.detail.windows.message_handler.cpp">
      <Filter>sources\tetengo2::detail\windows</Filter>
    </ClCompile>
    <ClCompile Include="src\tetengo2.detail.base.menu.cpp">
      <Filter>sources\tetengo2::detail\base</Filter>
    </ClCompile>
    <ClCompile Include="src\tetengo2.detail.stub.menu.cpp">
      <Filter>sources\tetengo2::detail\stub</Filter>
    </ClCompile>
    <ClCompile Include="src\tetengo2.detail.windows.menu.cpp">
      <Filter>sources\tetengo2::detail\windows</Filter>
    </ClCompile>
    <ClCompile Include="src\tetengo2.detail.base.drawing.cpp">
      <Filter>sources\tetengo2::detail\base</Filter>
    </ClCompile>
    <ClCompile Include="src\tetengo2.detail.stub.drawing.cpp">
      <Filter>sources\tetengo2::detail\stub</Filter>
    </ClCompile>
    <ClCompile Include="src\tetengo2.detail.windows.direct2d.drawing.cpp">
      <Filter>sources\tetengo2::detail\windows\direct2d</Filter>
    </ClCompile>
    <ClCompile Include="src\tetengo2.detail.windows.gdiplus.drawing.cpp">
      <Filter>sources\tetengo2::detail\windows\gdiplus</Filter>
    </ClCompile>
    <ClCompile Include="src\tetengo2.detail.base.timer.cpp">
      <Filter>sources\tetengo2::detail\base</Filter>
    </ClCompile>
    <ClCompile Include="src\tetengo2.detail.stub.timer.cpp">
      <Filter>sources\tetengo2::detail\stub</Filter>
    </ClCompile>
    <ClCompile Include="src\tetengo2.detail.windows.timer.cpp">
      <Filter>sources\tetengo2::detail\windows</Filter>
    </ClCompile>
    <ClCompile Include="src\tetengo2.detail.base.mouse_capture.cpp">
      <Filter>sources\tetengo2::detail\base</Filter>
    </ClCompile>
    <ClCompile Include="src\tetengo2.detail.stub.mouse_capture.cpp">
      <Filter>sources\tetengo2::detail\stub</Filter>
    </ClCompile>
    <ClCompile Include="src\tetengo2.detail.windows.mouse_capture.cpp">
      <Filter>sources\tetengo2::detail\windows</Filter>
    </ClCompile>
    <ClCompile Include="src\tetengo2.detail.base.message_loop.cpp">
      <Filter>sources\tetengo2::detail\base</Filter>
    </ClCompile>
    <ClCompile Include="src\tetengo2.detail.stub.message_loop.cpp">
      <Filter>sources\tetengo2::detail\stub</Filter>
    </ClCompile>
    <ClCompile Include="src\tetengo2.detail.windows.message_loop.cpp">
      <Filter>sources\tetengo2::detail\windows</Filter>
    </ClCompile>
    <ClCompile Include="src\tetengo2.detail.base.scroll.cpp">
      <Filter>sources\tetengo2::detail\base</Filter>
    </ClCompile>
    <ClCompile Include="src\tetengo2.detail.stub.scroll.cpp">
      <Filter>sources\tetengo2::detail\stub</Filter>
    </ClCompile>
    <ClCompile Include="src\tetengo2.detail.windows.scroll.cpp">
      <Filter>sources\tetengo2::detail\windows</Filter>
    </ClCompile>
  </ItemGroup>
  <ItemGroup>
    <None Include="include\tetengo2\detail\base\0namespace.dox">
      <Filter>headers\tetengo2::detail\base</Filter>
    </None>
  </ItemGroup>
</Project>