
Microsoft Visual Studio Solution File, Format Version 9.00
# Visual Studio 2005
Project("{8BC9CEB8-8B4A-11D0-8D11-00A0C91BC942}") = "bobura", "bobura\bobura.vcproj", "{EA9EF0B0-E7EE-4CCD-9EA1-A939B78397E8}"
	ProjectSection(ProjectDependencies) = postProject
		{33D39114-4B0D-454C-9E23-4F47B39E82C0} = {33D39114-4B0D-454C-9E23-4F47B39E82C0}
		{9D3E5F86-7307-43AA-A65F-43D29773399B} = {9D3E5F86-7307-43AA-A65F-43D29773399B}
		{454CB1CD-9796-47C0-AE09-6672B45991F4} = {454CB1CD-9796-47C0-AE09-6672B45991F4}
		{87764DDF-EDE6-45B6-B5D3-C3D0B8A6D717} = {87764DDF-EDE6-45B6-B5D3-C3D0B8A6D717}
		{AC976B25-4AEC-4A30-BCF5-F953ED0BC64A} = {AC976B25-4AEC-4A30-BCF5-F953ED0BC64A}
	EndProjectSection
EndProject
Project("{8BC9CEB8-8B4A-11D0-8D11-00A0C91BC942}") = "tetengo2", "tetengo2\tetengo2.vcproj", "{33D39114-4B0D-454C-9E23-4F47B39E82C0}"
	ProjectSection(ProjectDependencies) = postProject
		{9D3E5F86-7307-43AA-A65F-43D29773399B} = {9D3E5F86-7307-43AA-A65F-43D29773399B}
	EndProjectSection
EndProject
Project("{8BC9CEB8-8B4A-11D0-8D11-00A0C91BC942}") = "test_bobura", "bobura\test_bobura.vcproj", "{AC976B25-4AEC-4A30-BCF5-F953ED0BC64A}"
	ProjectSection(ProjectDependencies) = postProject
		{33D39114-4B0D-454C-9E23-4F47B39E82C0} = {33D39114-4B0D-454C-9E23-4F47B39E82C0}
		{9D3E5F86-7307-43AA-A65F-43D29773399B} = {9D3E5F86-7307-43AA-A65F-43D29773399B}
		{454CB1CD-9796-47C0-AE09-6672B45991F4} = {454CB1CD-9796-47C0-AE09-6672B45991F4}
		{87764DDF-EDE6-45B6-B5D3-C3D0B8A6D717} = {87764DDF-EDE6-45B6-B5D3-C3D0B8A6D717}
	EndProjectSection
EndProject
Project("{8BC9CEB8-8B4A-11D0-8D11-00A0C91BC942}") = "test_tetengo2", "tetengo2\test_tetengo2.vcproj", "{9D3E5F86-7307-43AA-A65F-43D29773399B}"
EndProject
Project("{8BC9CEB8-8B4A-11D0-8D11-00A0C91BC942}") = "bobura_model", "bobura_model\bobura_model.vcproj", "{454CB1CD-9796-47C0-AE09-6672B45991F4}"
	ProjectSection(ProjectDependencies) = postProject
		{33D39114-4B0D-454C-9E23-4F47B39E82C0} = {33D39114-4B0D-454C-9E23-4F47B39E82C0}
		{9D3E5F86-7307-43AA-A65F-43D29773399B} = {9D3E5F86-7307-43AA-A65F-43D29773399B}
		{87764DDF-EDE6-45B6-B5D3-C3D0B8A6D717} = {87764DDF-EDE6-45B6-B5D3-C3D0B8A6D717}
	EndProjectSection
EndProject
Project("{8BC9CEB8-8B4A-11D0-8D11-00A0C91BC942}") = "test_bobura_model", "bobura_model\test_bobura_model.vcproj", "{87764DDF-EDE6-45B6-B5D3-C3D0B8A6D717}"
	ProjectSection(ProjectDependencies) = postProject
		{33D39114-4B0D-454C-9E23-4F47B39E82C0} = {33D39114-4B0D-454C-9E23-4F47B39E82C0}
		{9D3E5F86-7307-43AA-A65F-43D29773399B} = {9D3E5F86-7307-43AA-A65F-43D29773399B}
	EndProjectSection
EndProject
Global
	GlobalSection(SolutionConfigurationPlatforms) = preSolution
		Debug|Win32 = Debug|Win32
		Debug|x64 = Debug|x64
		Release|Win32 = Release|Win32
		Release|x64 = Release|x64
	EndGlobalSection
	GlobalSection(ProjectConfigurationPlatforms) = postSolution
		{EA9EF0B0-E7EE-4CCD-9EA1-A939B78397E8}.Debug|Win32.ActiveCfg = Debug|Win32
		{EA9EF0B0-E7EE-4CCD-9EA1-A939B78397E8}.Debug|Win32.Build.0 = Debug|Win32
		{EA9EF0B0-E7EE-4CCD-9EA1-A939B78397E8}.Debug|x64.ActiveCfg = Debug|x64
		{EA9EF0B0-E7EE-4CCD-9EA1-A939B78397E8}.Debug|x64.Build.0 = Debug|x64
		{EA9EF0B0-E7EE-4CCD-9EA1-A939B78397E8}.Release|Win32.ActiveCfg = Release|Win32
		{EA9EF0B0-E7EE-4CCD-9EA1-A939B78397E8}.Release|Win32.Build.0 = Release|Win32
		{EA9EF0B0-E7EE-4CCD-9EA1-A939B78397E8}.Release|x64.ActiveCfg = Release|x64
		{EA9EF0B0-E7EE-4CCD-9EA1-A939B78397E8}.Release|x64.Build.0 = Release|x64
		{33D39114-4B0D-454C-9E23-4F47B39E82C0}.Debug|Win32.ActiveCfg = Debug|Win32
		{33D39114-4B0D-454C-9E23-4F47B39E82C0}.Debug|Win32.Build.0 = Debug|Win32
		{33D39114-4B0D-454C-9E23-4F47B39E82C0}.Debug|x64.ActiveCfg = Debug|x64
		{33D39114-4B0D-454C-9E23-4F47B39E82C0}.Debug|x64.Build.0 = Debug|x64
		{33D39114-4B0D-454C-9E23-4F47B39E82C0}.Release|Win32.ActiveCfg = Release|Win32
		{33D39114-4B0D-454C-9E23-4F47B39E82C0}.Release|Win32.Build.0 = Release|Win32
		{33D39114-4B0D-454C-9E23-4F47B39E82C0}.Release|x64.ActiveCfg = Release|x64
		{33D39114-4B0D-454C-9E23-4F47B39E82C0}.Release|x64.Build.0 = Release|x64
		{AC976B25-4AEC-4A30-BCF5-F953ED0BC64A}.Debug|Win32.ActiveCfg = Debug|Win32
		{AC976B25-4AEC-4A30-BCF5-F953ED0BC64A}.Debug|Win32.Build.0 = Debug|Win32
		{AC976B25-4AEC-4A30-BCF5-F953ED0BC64A}.Debug|x64.ActiveCfg = Debug|x64
		{AC976B25-4AEC-4A30-BCF5-F953ED0BC64A}.Debug|x64.Build.0 = Debug|x64
		{AC976B25-4AEC-4A30-BCF5-F953ED0BC64A}.Release|Win32.ActiveCfg = Release|Win32
		{AC976B25-4AEC-4A30-BCF5-F953ED0BC64A}.Release|Win32.Build.0 = Release|Win32
		{AC976B25-4AEC-4A30-BCF5-F953ED0BC64A}.Release|x64.ActiveCfg = Release|x64
		{AC976B25-4AEC-4A30-BCF5-F953ED0BC64A}.Release|x64.Build.0 = Release|x64
		{9D3E5F86-7307-43AA-A65F-43D29773399B}.Debug|Win32.ActiveCfg = Debug|Win32
		{9D3E5F86-7307-43AA-A65F-43D29773399B}.Debug|Win32.Build.0 = Debug|Win32
		{9D3E5F86-7307-43AA-A65F-43D29773399B}.Debug|x64.ActiveCfg = Debug|x64
		{9D3E5F86-7307-43AA-A65F-43D29773399B}.Debug|x64.Build.0 = Debug|x64
		{9D3E5F86-7307-43AA-A65F-43D29773399B}.Release|Win32.ActiveCfg = Release|Win32
		{9D3E5F86-7307-43AA-A65F-43D29773399B}.Release|Win32.Build.0 = Release|Win32
		{9D3E5F86-7307-43AA-A65F-43D29773399B}.Release|x64.ActiveCfg = Release|x64
		{9D3E5F86-7307-43AA-A65F-43D29773399B}.Release|x64.Build.0 = Release|x64
		{454CB1CD-9796-47C0-AE09-6672B45991F4}.Debug|Win32.ActiveCfg = Debug|Win32
		{454CB1CD-9796-47C0-AE09-6672B45991F4}.Debug|Win32.Build.0 = Debug|Win32
		{454CB1CD-9796-47C0-AE09-6672B45991F4}.Debug|x64.ActiveCfg = Debug|x64
		{454CB1CD-9796-47C0-AE09-6672B45991F4}.Debug|x64.Build.0 = Debug|x64
		{454CB1CD-9796-47C0-AE09-6672B45991F4}.Release|Win32.ActiveCfg = Release|Win32
		{454CB1CD-9796-47C0-AE09-6672B45991F4}.Release|Win32.Build.0 = Release|Win32
		{454CB1CD-9796-47C0-AE09-6672B45991F4}.Release|x64.ActiveCfg = Release|x64
		{454CB1CD-9796-47C0-AE09-6672B45991F4}.Release|x64.Build.0 = Release|x64
		{87764DDF-EDE6-45B6-B5D3-C3D0B8A6D717}.Debug|Win32.ActiveCfg = Debug|Win32
		{87764DDF-EDE6-45B6-B5D3-C3D0B8A6D717}.Debug|Win32.Build.0 = Debug|Win32
		{87764DDF-EDE6-45B6-B5D3-C3D0B8A6D717}.Debug|x64.ActiveCfg = Debug|x64
		{87764DDF-EDE6-45B6-B5D3-C3D0B8A6D717}.Debug|x64.Build.0 = Debug|x64
		{87764DDF-EDE6-45B6-B5D3-C3D0B8A6D717}.Release|Win32.ActiveCfg = Release|Win32
		{87764DDF-EDE6-45B6-B5D3-C3D0B8A6D717}.Release|Win32.Build.0 = Release|Win32
		{87764DDF-EDE6-45B6-B5D3-C3D0B8A6D717}.Release|x64.ActiveCfg = Release|x64
		{87764DDF-EDE6-45B6-B5D3-C3D0B8A6D717}.Release|x64.Build.0 = Release|x64
	EndGlobalSection
	GlobalSection(SolutionProperties) = preSolution
		HideSolutionNode = FALSE
	EndGlobalSection
EndGlobal
