<?xml version="1.0" encoding="utf-8"?>
<Project ToolsVersion="4.0" xmlns="http://schemas.microsoft.com/developer/msbuild/2003">
  <ItemGroup>
    <Filter Include="headers">
      <UniqueIdentifier>{bb099cae-d701-4e25-be75-036781ff6c36}</UniqueIdentifier>
    </Filter>
    <Filter Include="sources">
      <UniqueIdentifier>{ee1a6b64-7abc-4714-87a4-7beea6710a72}</UniqueIdentifier>
    </Filter>
    <Filter Include="sources\test_bobura">
      <UniqueIdentifier>{939d4fd8-7c9d-419a-ae30-6b92823ade6e}</UniqueIdentifier>
    </Filter>
    <Filter Include="sources\test_bobura\message">
      <UniqueIdentifier>{8d9ca398-31cc-4d38-952c-b49a2f2020a0}</UniqueIdentifier>
    </Filter>
    <Filter Include="sources\test_bobura\load_save">
      <UniqueIdentifier>{5c8a32b6-52cb-4119-bd2b-1d23226b1a94}</UniqueIdentifier>
    </Filter>
    <Filter Include="sources\test_bobura\view">
      <UniqueIdentifier>{ef97df1a-c90f-499c-b241-4f9b846a504d}</UniqueIdentifier>
    </Filter>
    <Filter Include="sources\test_bobura\view\diagram">
      <UniqueIdentifier>{e17730fd-fc2c-46fa-8ca0-614174a26045}</UniqueIdentifier>
    </Filter>
  </ItemGroup>
  <ItemGroup>
    <ClInclude Include="..\precompiled\precompiled.h">
      <Filter>headers</Filter>
    </ClInclude>
  </ItemGroup>
  <ItemGroup>
    <ClCompile Include="..\precompiled\precompiled.cpp">
      <Filter>sources</Filter>
    </ClCompile>
    <ClCompile Include="test\master.cpp">
      <Filter>sources</Filter>
    </ClCompile>
    <ClCompile Include="test\test_bobura.settings.cpp">
      <Filter>sources\test_bobura</Filter>
    </ClCompile>
    <ClCompile Include="test\test_bobura.message.about_dialog.cpp">
      <Filter>sources\test_bobura\message</Filter>
    </ClCompile>
    <ClCompile Include="test\test_bobura.message.main_window.cpp">
      <Filter>sources\test_bobura\message</Filter>
    </ClCompile>
    <ClCompile Include="test\test_bobura.timetable_model.cpp">
      <Filter>sources\test_bobura</Filter>
    </ClCompile>
    <ClCompile Include="test\test_bobura.message.timetable_model_observer_set.cpp">
      <Filter>sources\test_bobura\message</Filter>
    </ClCompile>
    <ClCompile Include="test\test_bobura.message.timetable_model.cpp">
      <Filter>sources\test_bobura\message</Filter>
    </ClCompile>
    <ClCompile Include="test\test_bobura.message.file_property_dialog.cpp">
      <Filter>sources\test_bobura\message</Filter>
    </ClCompile>
    <ClCompile Include="test\test_bobura.load_save.confirm_file_save.cpp">
      <Filter>sources\test_bobura\load_save</Filter>
    </ClCompile>
    <ClCompile Include="test\test_bobura.load_save.save_to_file.cpp">
      <Filter>sources\test_bobura\load_save</Filter>
    </ClCompile>
    <ClCompile Include="test\test_bobura.load_save.load_from_file.cpp">
      <Filter>sources\test_bobura\load_save</Filter>
    </ClCompile>
    <ClCompile Include="test\test_bobura.load_save.new_file.cpp">
      <Filter>sources\test_bobura\load_save</Filter>
    </ClCompile>
    <ClCompile Include="test\test_bobura.message.diagram_picture_box.cpp">
      <Filter>sources\test_bobura\message</Filter>
    </ClCompile>
    <ClCompile Include="test\test_bobura.diagram_view.cpp">
      <Filter>sources\test_bobura</Filter>
    </ClCompile>
    <ClCompile Include="test\test_bobura.view.scale_list.cpp">
      <Filter>sources\test_bobura\view</Filter>
    </ClCompile>
    <ClCompile Include="test\test_bobura.diagram_picture_box.cpp">
      <Filter>sources\test_bobura</Filter>
    </ClCompile>
    <ClCompile Include="test\test_bobura.message.font_color_dialog.cpp">
      <Filter>sources\test_bobura\message</Filter>
    </ClCompile>
    <ClCompile Include="test\test_bobura.view.diagram.header.cpp">
      <Filter>sources\test_bobura\view\diagram</Filter>
    </ClCompile>
    <ClCompile Include="test\test_bobura.view.diagram.item.cpp">
      <Filter>sources\test_bobura\view\diagram</Filter>
    </ClCompile>
    <ClCompile Include="test\test_bobura.view.diagram.time_line.cpp">
      <Filter>sources\test_bobura\view\diagram</Filter>
    </ClCompile>
    <ClCompile Include="test\test_bobura.view.diagram.utility.cpp">
      <Filter>sources\test_bobura\view\diagram</Filter>
    </ClCompile>
    <ClCompile Include="test\test_bobura.view.diagram.station_line.cpp">
      <Filter>sources\test_bobura\view\diagram</Filter>
    </ClCompile>
    <ClCompile Include="test\test_bobura.view.diagram.train_line.cpp">
      <Filter>sources\test_bobura\view\diagram</Filter>
    </ClCompile>
    <ClCompile Include="test\test_bobura.message.oudia_diagram_dialog.cpp">
      <Filter>sources\test_bobura\message</Filter>
    </ClCompile>
    <ClCompile Include="test\test_bobura.message.train_kind_dialog.cpp">
      <Filter>sources\test_bobura\message</Filter>
    </ClCompile>
    <ClCompile Include="test\test_bobura.view.diagram.selection.cpp">
      <Filter>sources\test_bobura\view\diagram</Filter>
    </ClCompile>
    <ClCompile Include="test\test_bobura.property_bar.cpp">
      <Filter>sources\test_bobura</Filter>
    </ClCompile>
    <ClCompile Include="test\test_bobura.message.property_bar.cpp">
      <Filter>sources\test_bobura\message</Filter>
    </ClCompile>
    <ClCompile Include="test\test_bobura.message.diagram_selection_observer_set.cpp">
      <Filter>sources\test_bobura\message</Filter>
    </ClCompile>
    <ClCompile Include="test\test_bobura.message.diagram_view.cpp">
      <Filter>sources\test_bobura\message</Filter>
    </ClCompile>
  </ItemGroup>
</Project>