<?xml version="1.0" encoding="utf-8"?>
<Project ToolsVersion="4.0" xmlns="http://schemas.microsoft.com/developer/msbuild/2003">
  <ItemGroup>
    <Filter Include="headers">
      <UniqueIdentifier>{40d9bb89-894c-436a-b1f0-fd625769a1ed}</UniqueIdentifier>
    </Filter>
    <Filter Include="sources">
      <UniqueIdentifier>{1ec8b982-af82-4d02-8372-e3d08474aaab}</UniqueIdentifier>
    </Filter>
    <Filter Include="headers\bobura">
      <UniqueIdentifier>{331196ef-56c9-4373-868d-94eb01451bd9}</UniqueIdentifier>
    </Filter>
    <Filter Include="resources">
      <UniqueIdentifier>{1a283181-6f05-4efd-abfe-aa839069ca0d}</UniqueIdentifier>
    </Filter>
    <Filter Include="resources\messages">
      <UniqueIdentifier>{810f9661-0a38-41fa-aa43-578bfb98cd1c}</UniqueIdentifier>
    </Filter>
    <Filter Include="resources\win32">
      <UniqueIdentifier>{98f488c9-a614-4cbe-bdd1-1e3f93e8abc3}</UniqueIdentifier>
    </Filter>
    <Filter Include="resources\images">
      <UniqueIdentifier>{bc4e3f8a-8e28-42fd-b9f2-02ca4e2c7f21}</UniqueIdentifier>
    </Filter>
    <Filter Include="headers\bobura\command">
      <UniqueIdentifier>{70024d0f-a754-44dd-b562-b95d72a46525}</UniqueIdentifier>
    </Filter>
    <Filter Include="headers\bobura\message">
      <UniqueIdentifier>{a708a07f-8972-43b3-8115-9a955ced00b8}</UniqueIdentifier>
    </Filter>
    <Filter Include="headers\bobura\load_save">
      <UniqueIdentifier>{68848e21-f62b-4e1d-9361-5a124086671f}</UniqueIdentifier>
    </Filter>
    <Filter Include="sources\bobura">
      <UniqueIdentifier>{488e0060-acd9-44c7-bcfd-b427108b284c}</UniqueIdentifier>
    </Filter>
    <Filter Include="headers\bobura\view">
      <UniqueIdentifier>{780fad15-896d-4a3d-91e0-6aa690a1d7f5}</UniqueIdentifier>
    </Filter>
    <Filter Include="sources\bobura\command">
      <UniqueIdentifier>{9e4b0e63-dad4-428d-a6a8-49aacad65b59}</UniqueIdentifier>
    </Filter>
  </ItemGroup>
  <ItemGroup>
    <ClInclude Include="src\bobura.about_dialog.h">
      <Filter>headers\bobura</Filter>
    </ClInclude>
    <ClInclude Include="src\bobura.main_window.h">
      <Filter>headers\bobura</Filter>
    </ClInclude>
    <ClInclude Include="src\bobura.settings.h">
      <Filter>headers\bobura</Filter>
    </ClInclude>
    <ClInclude Include="src\bobura.type_list.h">
      <Filter>headers\bobura</Filter>
    </ClInclude>
    <ClInclude Include="src\bobura.command.about.h">
      <Filter>headers\bobura\command</Filter>
    </ClInclude>
    <ClInclude Include="src\bobura.command.exit.h">
      <Filter>headers\bobura\command</Filter>
    </ClInclude>
    <ClInclude Include="src\bobura.command.nop.h">
      <Filter>headers\bobura\command</Filter>
    </ClInclude>
    <ClInclude Include="..\precompiled\precompiled.h">
      <Filter>headers</Filter>
    </ClInclude>
    <ClInclude Include="res\win32\resource.h">
      <Filter>resources\win32</Filter>
    </ClInclude>
    <ClInclude Include="src\bobura.message.type_list.h">
      <Filter>headers\bobura\message</Filter>
    </ClInclude>
    <ClInclude Include="src\bobura.message.type_list_impl.h">
      <Filter>headers\bobura\message</Filter>
    </ClInclude>
    <ClInclude Include="src\bobura.message.about_dialog.h">
      <Filter>headers\bobura\message</Filter>
    </ClInclude>
    <ClInclude Include="src\bobura.message.main_window.h">
      <Filter>headers\bobura\message</Filter>
    </ClInclude>
    <ClInclude Include="src\bobura.command.load_from_file.h">
      <Filter>headers\bobura\command</Filter>
    </ClInclude>
    <ClInclude Include="src\bobura.timetable_model.h">
      <Filter>headers\bobura</Filter>
    </ClInclude>
    <ClInclude Include="src\bobura.command.set.h">
      <Filter>headers\bobura\command</Filter>
    </ClInclude>
    <ClInclude Include="src\bobura.message.timetable_model_observer_set.h">
      <Filter>headers\bobura\message</Filter>
    </ClInclude>
    <ClInclude Include="src\bobura.message.timetable_model.h">
      <Filter>headers\bobura\message</Filter>
    </ClInclude>
    <ClInclude Include="src\bobura.application.h">
      <Filter>headers\bobura</Filter>
    </ClInclude>
    <ClInclude Include="src\bobura.file_property_dialog.h">
      <Filter>headers\bobura</Filter>
    </ClInclude>
    <ClInclude Include="src\bobura.message.file_property_dialog.h">
      <Filter>headers\bobura\message</Filter>
    </ClInclude>
    <ClInclude Include="src\bobura.command.file_property.h">
      <Filter>headers\bobura\command</Filter>
    </ClInclude>
    <ClInclude Include="src\bobura.command.new_file.h">
      <Filter>headers\bobura\command</Filter>
    </ClInclude>
    <ClInclude Include="src\bobura.command.save_to_file.h">
      <Filter>headers\bobura\command</Filter>
    </ClInclude>
    <ClInclude Include="src\bobura.load_save.confirm_file_save.h">
      <Filter>headers\bobura\load_save</Filter>
    </ClInclude>
    <ClInclude Include="src\bobura.load_save.save_to_file.h">
      <Filter>headers\bobura\load_save</Filter>
    </ClInclude>
    <ClInclude Include="src\bobura.load_save.load_from_file.h">
      <Filter>headers\bobura\load_save</Filter>
    </ClInclude>
    <ClInclude Include="src\bobura.load_save.new_file.h">
      <Filter>headers\bobura\load_save</Filter>
    </ClInclude>
    <ClInclude Include="src\bobura.detail_type_list.h">
      <Filter>headers\bobura</Filter>
    </ClInclude>
    <ClInclude Include="src\bobura.message.diagram_picture_box.h">
      <Filter>headers\bobura\message</Filter>
    </ClInclude>
    <ClInclude Include="src\bobura.diagram_view.h">
      <Filter>headers\bobura</Filter>
    </ClInclude>
    <ClInclude Include="src\bobura.command.command_base.h">
      <Filter>headers\bobura\command</Filter>
    </ClInclude>
    <ClInclude Include="src\bobura.view.scale_list.h">
      <Filter>headers\bobura\view</Filter>
    </ClInclude>
    <ClInclude Include="src\bobura.main_window_menu_builder.h">
      <Filter>headers\bobura</Filter>
    </ClInclude>
    <ClInclude Include="src\bobura.command.horizontally_zoom_in.h">
      <Filter>headers\bobura\command</Filter>
    </ClInclude>
    <ClInclude Include="src\bobura.command.horizontally_zoom_out.h">
      <Filter>headers\bobura\command</Filter>
    </ClInclude>
    <ClInclude Include="src\bobura.basic_type_list.h">
      <Filter>headers\bobura</Filter>
    </ClInclude>
  </ItemGroup>
  <ItemGroup>
    <None Include="res\win32\kuma.ico">
      <Filter>resources\win32</Filter>
    </None>
    <None Include="res\images\kumakuma.jpg">
      <Filter>resources\images</Filter>
    </None>
    <None Include="res\images\kuma.png">
      <Filter>resources\images</Filter>
    </None>
    <None Include="res\win32\COMCTL32.DLL.x64.manifest">
      <Filter>resources\win32</Filter>
    </None>
    <None Include="res\win32\COMCTL32.DLL.Win32.manifest">
      <Filter>resources\win32</Filter>
    </None>
    <None Include="res\messages\_catalogs.json">
      <Filter>resources\messages</Filter>
    </None>
    <None Include="res\messages\Japanese.json">
      <Filter>resources\messages</Filter>
    </None>
  </ItemGroup>
  <ItemGroup>
    <ResourceCompile Include="res\win32\bobura.rc">
      <Filter>resources\win32</Filter>
    </ResourceCompile>
  </ItemGroup>
  <ItemGroup>
    <ClCompile Include="..\precompiled\precompiled.cpp">
      <Filter>sources</Filter>
    </ClCompile>
    <ClCompile Include="src\main.cpp">
      <Filter>sources</Filter>
    </ClCompile>
    <ClCompile Include="src\bobura.application.cpp">
      <Filter>sources\bobura</Filter>
    </ClCompile>
    <ClCompile Include="src\bobura.main_window_menu_builder.cpp">
      <Filter>sources\bobura</Filter>
    </ClCompile>
    <ClCompile Include="src\bobura.command.command_base.cpp">
      <Filter>sources\bobura\command</Filter>
    </ClCompile>
    <ClCompile Include="src\bobura.command.nop.cpp">
      <Filter>sources\bobura\command</Filter>
    </ClCompile>
    <ClCompile Include="src\bobura.command.about.cpp">
      <Filter>sources\bobura\command</Filter>
    </ClCompile>
    <ClCompile Include="src\bobura.command.exit.cpp">
      <Filter>sources\bobura\command</Filter>
    </ClCompile>
    <ClCompile Include="src\bobura.command.file_property.cpp">
      <Filter>sources\bobura\command</Filter>
    </ClCompile>
    <ClCompile Include="src\bobura.command.horizontally_zoom_in.cpp">
      <Filter>sources\bobura\command</Filter>
    </ClCompile>
    <ClCompile Include="src\bobura.command.horizontally_zoom_out.cpp">
      <Filter>sources\bobura\command</Filter>
    </ClCompile>
    <ClCompile Include="src\bobura.command.load_from_file.cpp">
      <Filter>sources\bobura\command</Filter>
    </ClCompile>
    <ClCompile Include="src\bobura.command.new_file.cpp">
      <Filter>sources\bobura\command</Filter>
    </ClCompile>
    <ClCompile Include="src\bobura.command.save_to_file.cpp">
      <Filter>sources\bobura\command</Filter>
    </ClCompile>
  </ItemGroup>
</Project>