<?xml version="1.0" encoding="utf-8"?>
<Project ToolsVersion="4.0" xmlns="http://schemas.microsoft.com/developer/msbuild/2003">
  <ItemGroup>
    <Filter Include="headers">
      <UniqueIdentifier>{c66cfaa4-f144-4f1d-9772-da91a5247fbc}</UniqueIdentifier>
    </Filter>
    <Filter Include="sources">
      <UniqueIdentifier>{8268aba0-5128-4bb1-a726-694828b3f294}</UniqueIdentifier>
    </Filter>
    <Filter Include="sources\test_tetengo2::gui">
      <UniqueIdentifier>{59301210-ebbf-402c-810c-fd57df94353f}</UniqueIdentifier>
    </Filter>
    <Filter Include="sources\test_tetengo2::gui\drawing">
      <UniqueIdentifier>{0dfc00c9-8439-4893-a77d-0a7bbb07e83f}</UniqueIdentifier>
    </Filter>
    <Filter Include="sources\test_tetengo2::gui\unit">
      <UniqueIdentifier>{8d96695a-f7cd-4028-8ef8-ba34b2d12a1a}</UniqueIdentifier>
    </Filter>
    <Filter Include="sources\test_tetengo2::gui\common_dialog">
      <UniqueIdentifier>{5438d723-b0ff-4efa-a1bb-05da08348ce1}</UniqueIdentifier>
    </Filter>
    <Filter Include="sources\test_tetengo2::gui\menu">
      <UniqueIdentifier>{c6055e50-1786-4a2c-85cf-54bedc292b8c}</UniqueIdentifier>
    </Filter>
    <Filter Include="sources\test_tetengo2::gui\message">
      <UniqueIdentifier>{78fec928-be32-41c9-b031-cf34a8b3b8f9}</UniqueIdentifier>
    </Filter>
    <Filter Include="sources\test_tetengo2::gui\widget">
      <UniqueIdentifier>{ef228b7b-5016-4579-a9c5-68c9e10a1975}</UniqueIdentifier>
    </Filter>
    <Filter Include="sources\test_tetengo2::gui\cursor">
      <UniqueIdentifier>{b002834d-1e0c-4c4c-9fdc-1839070614a9}</UniqueIdentifier>
    </Filter>
    <Filter Include="headers\test_tetengo2::gui">
      <UniqueIdentifier>{349907ab-49c8-4459-96fe-661188b5f71a}</UniqueIdentifier>
    </Filter>
  </ItemGroup>
  <ItemGroup>
    <ClInclude Include="..\precompiled\precompiled.h">
      <Filter>headers</Filter>
    </ClInclude>
    <ClInclude Include="test\test_tetengo2.gui.type_list.h">
      <Filter>headers\test_tetengo2::gui</Filter>
    </ClInclude>
    <ClInclude Include="test\test_tetengo2.gui.detail_type_list.h">
      <Filter>headers\test_tetengo2::gui</Filter>
    </ClInclude>
  </ItemGroup>
  <ItemGroup>
    <ClCompile Include="test\master.cpp">
      <Filter>sources</Filter>
    </ClCompile>
    <ClCompile Include="..\precompiled\precompiled.cpp">
      <Filter>sources</Filter>
    </ClCompile>
    <ClCompile Include="test\test_tetengo2.gui.alert.cpp">
      <Filter>sources\test_tetengo2::gui</Filter>
    </ClCompile>
    <ClCompile Include="test\test_tetengo2.gui.fixture.cpp">
      <Filter>sources\test_tetengo2::gui</Filter>
    </ClCompile>
    <ClCompile Include="test\test_tetengo2.gui.measure.cpp">
      <Filter>sources\test_tetengo2::gui</Filter>
    </ClCompile>
    <ClCompile Include="test\test_tetengo2.gui.drawing.background.cpp">
      <Filter>sources\test_tetengo2::gui\drawing</Filter>
    </ClCompile>
    <ClCompile Include="test\test_tetengo2.gui.drawing.widget_canvas.cpp">
      <Filter>sources\test_tetengo2::gui\drawing</Filter>
    </ClCompile>
    <ClCompile Include="test\test_tetengo2.gui.drawing.canvas.cpp">
      <Filter>sources\test_tetengo2::gui\drawing</Filter>
    </ClCompile>
    <ClCompile Include="test\test_tetengo2.gui.drawing.color.cpp">
      <Filter>sources\test_tetengo2::gui\drawing</Filter>
    </ClCompile>
    <ClCompile Include="test\test_tetengo2.gui.drawing.font.cpp">
      <Filter>sources\test_tetengo2::gui\drawing</Filter>
    </ClCompile>
    <ClCompile Include="test\test_tetengo2.gui.drawing.picture.cpp">
      <Filter>sources\test_tetengo2::gui\drawing</Filter>
    </ClCompile>
    <ClCompile Include="test\test_tetengo2.gui.drawing.picture_reader.cpp">
      <Filter>sources\test_tetengo2::gui\drawing</Filter>
    </ClCompile>
    <ClCompile Include="test\test_tetengo2.gui.drawing.solid_background.cpp">
      <Filter>sources\test_tetengo2::gui\drawing</Filter>
    </ClCompile>
    <ClCompile Include="test\test_tetengo2.gui.drawing.transparent_background.cpp">
      <Filter>sources\test_tetengo2::gui\drawing</Filter>
    </ClCompile>
    <ClCompile Include="test\test_tetengo2.gui.unit.em.cpp">
      <Filter>sources\test_tetengo2::gui\unit</Filter>
    </ClCompile>
    <ClCompile Include="test\test_tetengo2.gui.unit.unit.cpp">
      <Filter>sources\test_tetengo2::gui\unit</Filter>
    </ClCompile>
    <ClCompile Include="test\test_tetengo2.gui.unit.pixel.cpp">
      <Filter>sources\test_tetengo2::gui\unit</Filter>
    </ClCompile>
    <ClCompile Include="test\test_tetengo2.gui.common_dialog.file_open.cpp">
      <Filter>sources\test_tetengo2::gui\common_dialog</Filter>
    </ClCompile>
    <ClCompile Include="test\test_tetengo2.gui.message.dialog_message_loop.cpp">
      <Filter>sources\test_tetengo2::gui\message</Filter>
    </ClCompile>
    <ClCompile Include="test\test_tetengo2.gui.message.menu_observer_set.cpp">
      <Filter>sources\test_tetengo2::gui\message</Filter>
    </ClCompile>
    <ClCompile Include="test\test_tetengo2.gui.message.message_loop.cpp">
      <Filter>sources\test_tetengo2::gui\message</Filter>
    </ClCompile>
    <ClCompile Include="test\test_tetengo2.gui.message.message_loop_break.cpp">
      <Filter>sources\test_tetengo2::gui\message</Filter>
    </ClCompile>
    <ClCompile Include="test\test_tetengo2.gui.message.mouse_observer_set.cpp">
      <Filter>sources\test_tetengo2::gui\message</Filter>
    </ClCompile>
    <ClCompile Include="test\test_tetengo2.gui.message.paint_observer_set.cpp">
      <Filter>sources\test_tetengo2::gui\message</Filter>
    </ClCompile>
    <ClCompile Include="test\test_tetengo2.gui.message.window_observer_set.cpp">
      <Filter>sources\test_tetengo2::gui\message</Filter>
    </ClCompile>
    <ClCompile Include="test\test_tetengo2.gui.widget.abstract_window.cpp">
      <Filter>sources\test_tetengo2::gui\widget</Filter>
    </ClCompile>
    <ClCompile Include="test\test_tetengo2.gui.widget.button.cpp">
      <Filter>sources\test_tetengo2::gui\widget</Filter>
    </ClCompile>
    <ClCompile Include="test\test_tetengo2.gui.widget.control.cpp">
      <Filter>sources\test_tetengo2::gui\widget</Filter>
    </ClCompile>
    <ClCompile Include="test\test_tetengo2.gui.widget.dialog.cpp">
      <Filter>sources\test_tetengo2::gui\widget</Filter>
    </ClCompile>
    <ClCompile Include="test\test_tetengo2.gui.widget.image.cpp">
      <Filter>sources\test_tetengo2::gui\widget</Filter>
    </ClCompile>
    <ClCompile Include="test\test_tetengo2.gui.widget.label.cpp">
      <Filter>sources\test_tetengo2::gui\widget</Filter>
    </ClCompile>
    <ClCompile Include="test\test_tetengo2.gui.widget.link_label.cpp">
      <Filter>sources\test_tetengo2::gui\widget</Filter>
    </ClCompile>
    <ClCompile Include="test\test_tetengo2.gui.widget.widget.cpp">
      <Filter>sources\test_tetengo2::gui\widget</Filter>
    </ClCompile>
    <ClCompile Include="test\test_tetengo2.gui.widget.window.cpp">
      <Filter>sources\test_tetengo2::gui\widget</Filter>
    </ClCompile>
    <ClCompile Include="test\test_tetengo2.gui.cursor.cursor_base.cpp">
      <Filter>sources\test_tetengo2::gui\cursor</Filter>
    </ClCompile>
    <ClCompile Include="test\test_tetengo2.gui.cursor.system.cpp">
      <Filter>sources\test_tetengo2::gui\cursor</Filter>
    </ClCompile>
    <ClCompile Include="test\test_tetengo2.gui.menu.abstract_popup.cpp">
      <Filter>sources\test_tetengo2::gui\menu</Filter>
    </ClCompile>
    <ClCompile Include="test\test_tetengo2.gui.menu.command.cpp">
      <Filter>sources\test_tetengo2::gui\menu</Filter>
    </ClCompile>
    <ClCompile Include="test\test_tetengo2.gui.menu.menu_bar.cpp">
      <Filter>sources\test_tetengo2::gui\menu</Filter>
    </ClCompile>
    <ClCompile Include="test\test_tetengo2.gui.menu.menu_base.cpp">
      <Filter>sources\test_tetengo2::gui\menu</Filter>
    </ClCompile>
    <ClCompile Include="test\test_tetengo2.gui.menu.popup.cpp">
      <Filter>sources\test_tetengo2::gui\menu</Filter>
    </ClCompile>
    <ClCompile Include="test\test_tetengo2.gui.menu.recursive_iterator.cpp">
      <Filter>sources\test_tetengo2::gui\menu</Filter>
    </ClCompile>
    <ClCompile Include="test\test_tetengo2.gui.menu.separator.cpp">
      <Filter>sources\test_tetengo2::gui\menu</Filter>
    </ClCompile>
    <ClCompile Include="test\test_tetengo2.gui.virtual_key.cpp">
      <Filter>sources\test_tetengo2::gui</Filter>
    </ClCompile>
    <ClCompile Include="test\test_tetengo2.gui.menu.shortcut_key.cpp">
      <Filter>sources\test_tetengo2::gui\menu</Filter>
    </ClCompile>
    <ClCompile Include="test\test_tetengo2.gui.menu.shortcut_key_table.cpp">
      <Filter>sources\test_tetengo2::gui\menu</Filter>
    </ClCompile>
    <ClCompile Include="test\test_tetengo2.gui.common_dialog.message_box.cpp">
      <Filter>sources\test_tetengo2::gui\common_dialog</Filter>
    </ClCompile>
    <ClCompile Include="test\test_tetengo2.gui.widget.text_box.cpp">
      <Filter>sources\test_tetengo2::gui\widget</Filter>
    </ClCompile>
    <ClCompile Include="test\test_tetengo2.gui.message.focus_observer_set.cpp">
      <Filter>sources\test_tetengo2::gui\message</Filter>
    </ClCompile>
    <ClCompile Include="test\test_tetengo2.gui.drawing.system_color_set.cpp">
      <Filter>sources\test_tetengo2::gui\drawing</Filter>
    </ClCompile>
    <ClCompile Include="test\test_tetengo2.gui.message.keyboard_observer_set.cpp">
      <Filter>sources\test_tetengo2::gui\message</Filter>
    </ClCompile>
    <ClCompile Include="test\test_tetengo2.gui.common_dialog.file_save.cpp">
      <Filter>sources\test_tetengo2::gui\common_dialog</Filter>
    </ClCompile>
    <ClCompile Include="test\test_tetengo2.gui.widget.picture_box.cpp">
      <Filter>sources\test_tetengo2::gui\widget</Filter>
    </ClCompile>
    <ClCompile Include="test\test_tetengo2.gui.scroll_bar.cpp">
      <Filter>sources\test_tetengo2::gui</Filter>
    </ClCompile>
    <ClCompile Include="test\test_tetengo2.gui.message.scroll_bar_observer_set.cpp">
      <Filter>sources\test_tetengo2::gui\message</Filter>
    </ClCompile>
    <ClCompile Include="test\test_tetengo2.gui.widget.list_box.cpp">
      <Filter>sources\test_tetengo2::gui\widget</Filter>
    </ClCompile>
    <ClCompile Include="test\test_tetengo2.gui.common_dialog.font.cpp">
      <Filter>sources\test_tetengo2::gui\common_dialog</Filter>
    </ClCompile>
    <ClCompile Include="test\test_tetengo2.gui.common_dialog.color.cpp">
      <Filter>sources\test_tetengo2::gui\common_dialog</Filter>
    </ClCompile>
    <ClCompile Include="test\test_tetengo2.gui.widget.dropdown_box.cpp">
      <Filter>sources\test_tetengo2::gui\widget</Filter>
    </ClCompile>
    <ClCompile Include="test\test_tetengo2.gui.message.text_box_observer_set.cpp">
      <Filter>sources\test_tetengo2::gui\message</Filter>
    </ClCompile>
    <ClCompile Include="test\test_tetengo2.gui.unit.point.cpp">
      <Filter>sources\test_tetengo2::gui\unit</Filter>
    </ClCompile>
    <ClCompile Include="test\test_tetengo2.gui.mouse_capture.cpp">
      <Filter>sources\test_tetengo2::gui</Filter>
    </ClCompile>
    <ClCompile Include="test\test_tetengo2.gui.widget.custom_control.cpp">
      <Filter>sources\test_tetengo2::gui\widget</Filter>
    </ClCompile>
    <ClCompile Include="test\test_tetengo2.gui.widget.map_box.cpp">
      <Filter>sources\test_tetengo2::gui\widget</Filter>
    </ClCompile>
    <ClCompile Include="test\test_tetengo2.gui.widget.side_bar.cpp">
      <Filter>sources\test_tetengo2::gui\widget</Filter>
    </ClCompile>
    <ClCompile Include="test\test_tetengo2.gui.message.size_observer_set.cpp">
      <Filter>sources\test_tetengo2::gui\message</Filter>
    </ClCompile>
    <ClCompile Include="test\test_tetengo2.gui.timer.cpp">
      <Filter>sources\test_tetengo2::gui</Filter>
    </ClCompile>
    <ClCompile Include="test\test_tetengo2.gui.icon.cpp">
      <Filter>sources\test_tetengo2::gui</Filter>
    </ClCompile>
    <ClCompile Include="test\test_tetengo2.gui.message.file_drop_observer_set.cpp">
      <Filter>sources\test_tetengo2::gui\message</Filter>
    </ClCompile>
    <ClCompile Include="test\test_tetengo2.gui.shell.cpp">
      <Filter>sources\test_tetengo2::gui</Filter>
    </ClCompile>
    <ClCompile Include="test\test_tetengo2.gui.message.list_selection_observer_set.cpp">
      <Filter>sources\test_tetengo2::gui\message</Filter>
    </ClCompile>
    <ClCompile Include="test\test_tetengo2.gui.widget.progress_dialog.cpp">
      <Filter>sources\test_tetengo2::gui\widget</Filter>
    </ClCompile>
    <ClCompile Include="test\test_tetengo2.gui.widget.progress_bar.cpp">
      <Filter>sources\test_tetengo2::gui\widget</Filter>
    </ClCompile>
    <ClCompile Include="test\test_tetengo2.gui.widget.tab_frame.cpp">
      <Filter>sources\test_tetengo2::gui\widget</Filter>
    </ClCompile>
    <ClCompile Include="test\test_tetengo2.gui.message.child_observer_set.cpp">
      <Filter>sources\test_tetengo2::gui\message</Filter>
    </ClCompile>
    <ClCompile Include="test\test_tetengo2.gui.dimension.cpp">
      <Filter>sources\test_tetengo2::gui</Filter>
    </ClCompile>
    <ClCompile Include="test\test_tetengo2.gui.position.cpp">
      <Filter>sources\test_tetengo2::gui</Filter>
    </ClCompile>
  </ItemGroup>
</Project>