<?xml version="1.0" encoding="utf-8"?>
<Project ToolsVersion="4.0" xmlns="http://schemas.microsoft.com/developer/msbuild/2003">
  <ItemGroup>
    <Filter Include="headers">
      <UniqueIdentifier>{b3e3353b-c5be-4505-aeb3-827c557c8d04}</UniqueIdentifier>
    </Filter>
    <Filter Include="headers\bobura::model">
      <UniqueIdentifier>{a1a15d0d-e802-4f69-9c67-4db223541f52}</UniqueIdentifier>
    </Filter>
    <Filter Include="headers\bobura::model\station_info">
      <UniqueIdentifier>{2ef3bd9c-9d1a-4680-82af-a20c9ec722e6}</UniqueIdentifier>
    </Filter>
    <Filter Include="headers\bobura::model\timetable_info">
      <UniqueIdentifier>{a0387706-2d3c-42d7-acb0-047cbe3982f4}</UniqueIdentifier>
    </Filter>
    <Filter Include="headers\bobura::model\train_info">
      <UniqueIdentifier>{2048f72f-086e-4d8b-92da-3f32579e64aa}</UniqueIdentifier>
    </Filter>
    <Filter Include="headers\bobura::model\serializer">
      <UniqueIdentifier>{cbf093e3-6fa9-4f79-8928-372a64c88336}</UniqueIdentifier>
    </Filter>
    <Filter Include="headers\bobura::model\message">
      <UniqueIdentifier>{57026888-7127-4c38-8e88-a34cc9cb35bb}</UniqueIdentifier>
    </Filter>
  </ItemGroup>
  <ItemGroup>
    <ClInclude Include="include\bobura.model.station.h">
      <Filter>headers\bobura::model</Filter>
    </ClInclude>
    <ClInclude Include="include\bobura.model.timetable.h">
      <Filter>headers\bobura::model</Filter>
    </ClInclude>
    <ClInclude Include="include\bobura.model.train.h">
      <Filter>headers\bobura::model</Filter>
    </ClInclude>
    <ClInclude Include="include\bobura.model.station_info.grade.h">
      <Filter>headers\bobura::model\station_info</Filter>
    </ClInclude>
    <ClInclude Include="include\bobura.model.timetable_info.station_location.h">
      <Filter>headers\bobura::model\timetable_info</Filter>
    </ClInclude>
    <ClInclude Include="include\bobura.model.train_info.stop.h">
      <Filter>headers\bobura::model\train_info</Filter>
    </ClInclude>
    <ClInclude Include="include\bobura.model.train_info.time_span.h">
      <Filter>headers\bobura::model\train_info</Filter>
    </ClInclude>
    <ClInclude Include="include\bobura.model.train_info.time.h">
      <Filter>headers\bobura::model\train_info</Filter>
    </ClInclude>
    <ClInclude Include="include\bobura.model.serializer.reader.h">
      <Filter>headers\bobura::model\serializer</Filter>
    </ClInclude>
    <ClInclude Include="include\bobura.model.serializer.json_reader.h">
      <Filter>headers\bobura::model\serializer</Filter>
    </ClInclude>
    <ClInclude Include="include\bobura.model.message.timetable_observer_set.h">
      <Filter>headers\bobura::model\message</Filter>
    </ClInclude>
    <ClInclude Include="include\bobura.model.serializer.writer.h">
      <Filter>headers\bobura::model\serializer</Filter>
    </ClInclude>
    <ClInclude Include="include\bobura.model.serializer.json_writer.h">
      <Filter>headers\bobura::model\serializer</Filter>
    </ClInclude>
    <ClInclude Include="include\bobura.model.serializer.writer_selector.h">
      <Filter>headers\bobura::model\serializer</Filter>
    </ClInclude>
  </ItemGroup>
</Project>