<?xml version="1.0" encoding="utf-8"?>
<Project ToolsVersion="4.0" xmlns="http://schemas.microsoft.com/developer/msbuild/2003">
  <ItemGroup>
    <Filter Include="headers">
      <UniqueIdentifier>{c5ed62c0-fe83-404a-9a61-46be4bb8b687}</UniqueIdentifier>
    </Filter>
    <Filter Include="sources">
      <UniqueIdentifier>{027997a8-750c-4211-964c-8c1ead92449e}</UniqueIdentifier>
    </Filter>
    <Filter Include="sources\test_bobura::model">
      <UniqueIdentifier>{5a72901f-746e-4461-813c-f9faa955c965}</UniqueIdentifier>
    </Filter>
    <Filter Include="sources\test_bobura::model\station_info">
      <UniqueIdentifier>{ce7be5d7-5ef4-4649-9802-63b98639ffa7}</UniqueIdentifier>
    </Filter>
    <Filter Include="sources\test_bobura::model\timetable_info">
      <UniqueIdentifier>{f53396a3-f4f3-4d22-b284-be1f5e413674}</UniqueIdentifier>
    </Filter>
    <Filter Include="sources\test_bobura::model\train_info">
      <UniqueIdentifier>{16ceeaa5-6324-4a0a-a827-b2775ced8ce3}</UniqueIdentifier>
    </Filter>
    <Filter Include="sources\test_bobura::model\serializer">
      <UniqueIdentifier>{ff621378-3126-41e9-90ef-93d52bfec4d0}</UniqueIdentifier>
    </Filter>
    <Filter Include="sources\test_bobura::model\message">
      <UniqueIdentifier>{5c2adcdb-170a-4c2b-8c99-18b340fece0b}</UniqueIdentifier>
    </Filter>
    <Filter Include="headers\test_bobura::model">
      <UniqueIdentifier>{125dc970-e513-446f-b50f-f5f0e9a99564}</UniqueIdentifier>
    </Filter>
  </ItemGroup>
  <ItemGroup>
    <ClInclude Include="..\precompiled\precompiled.h">
      <Filter>headers</Filter>
    </ClInclude>
    <ClInclude Include="test\test_bobura.model.type_list.h">
      <Filter>headers\test_bobura::model</Filter>
    </ClInclude>
  </ItemGroup>
  <ItemGroup>
    <ClCompile Include="..\precompiled\precompiled.cpp">
      <Filter>sources</Filter>
    </ClCompile>
    <ClCompile Include="test\master.cpp">
      <Filter>sources</Filter>
    </ClCompile>
    <ClCompile Include="test\test_bobura.model.station.cpp">
      <Filter>sources\test_bobura::model</Filter>
    </ClCompile>
    <ClCompile Include="test\test_bobura.model.timetable.cpp">
      <Filter>sources\test_bobura::model</Filter>
    </ClCompile>
    <ClCompile Include="test\test_bobura.model.train.cpp">
      <Filter>sources\test_bobura::model</Filter>
    </ClCompile>
    <ClCompile Include="test\test_bobura.model.station_info.grade.cpp">
      <Filter>sources\test_bobura::model\station_info</Filter>
    </ClCompile>
    <ClCompile Include="test\test_bobura.model.timetable_info.station_location.cpp">
      <Filter>sources\test_bobura::model\timetable_info</Filter>
    </ClCompile>
    <ClCompile Include="test\test_bobura.model.train_info.stop.cpp">
      <Filter>sources\test_bobura::model\train_info</Filter>
    </ClCompile>
    <ClCompile Include="test\test_bobura.model.train_info.time_span.cpp">
      <Filter>sources\test_bobura::model\train_info</Filter>
    </ClCompile>
    <ClCompile Include="test\test_bobura.model.train_info.time.cpp">
      <Filter>sources\test_bobura::model\train_info</Filter>
    </ClCompile>
    <ClCompile Include="test\test_bobura.model.serializer.reader.cpp">
      <Filter>sources\test_bobura::model\serializer</Filter>
    </ClCompile>
    <ClCompile Include="test\test_bobura.model.serializer.json_reader.cpp">
      <Filter>sources\test_bobura::model\serializer</Filter>
    </ClCompile>
    <ClCompile Include="test\test_bobura.model.message.timetable_observer_set.cpp">
      <Filter>sources\test_bobura::model\message</Filter>
    </ClCompile>
    <ClCompile Include="test\test_bobura.model.serializer.writer.cpp">
      <Filter>sources\test_bobura::model\serializer</Filter>
    </ClCompile>
    <ClCompile Include="test\test_bobura.model.serializer.json_writer.cpp">
      <Filter>sources\test_bobura::model\serializer</Filter>
    </ClCompile>
    <ClCompile Include="test\test_bobura.model.serializer.writer_selector.cpp">
      <Filter>sources\test_bobura::model\serializer</Filter>
    </ClCompile>
    <ClCompile Include="test\test_bobura.model.serializer.writer_set.cpp">
      <Filter>sources\test_bobura::model\serializer</Filter>
    </ClCompile>
    <ClCompile Include="test\test_bobura.model.serializer.bzip2_writer.cpp">
      <Filter>sources\test_bobura::model\serializer</Filter>
    </ClCompile>
    <ClCompile Include="test\test_bobura.model.serializer.reader_selector.cpp">
      <Filter>sources\test_bobura::model\serializer</Filter>
    </ClCompile>
    <ClCompile Include="test\test_bobura.model.serializer.reader_set.cpp">
      <Filter>sources\test_bobura::model\serializer</Filter>
    </ClCompile>
    <ClCompile Include="test\test_bobura.model.serializer.bzip2_reader.cpp">
      <Filter>sources\test_bobura::model\serializer</Filter>
    </ClCompile>
    <ClCompile Include="test\test_bobura.model.train_kind.cpp">
      <Filter>sources\test_bobura::model</Filter>
    </ClCompile>
    <ClCompile Include="test\test_bobura.model.serializer.windia_reader.cpp">
      <Filter>sources\test_bobura::model\serializer</Filter>
    </ClCompile>
    <ClCompile Include="test\test_bobura.model.timetable_info.font_color_set.cpp">
      <Filter>sources\test_bobura::model\timetable_info</Filter>
    </ClCompile>
    <ClCompile Include="test\test_bobura.model.timetable_info.station_interval_calcula.cpp">
      <Filter>sources\test_bobura::model\timetable_info</Filter>
    </ClCompile>
    <ClCompile Include="test\test_bobura.model.serializer.oudia_reader.cpp">
      <Filter>sources\test_bobura::model\serializer</Filter>
    </ClCompile>
    <ClCompile Include="test\test_bobura.model.serializer.select_oudia_diagram.cpp">
      <Filter>sources\test_bobura::model\serializer</Filter>
    </ClCompile>
  </ItemGroup>
</Project>